{
  "name": "@serialport/parser-byte-length",
  "version": "9.0.7",
  "lockfileVersion": 2,
  "requires": true,
  "packages": {
    "": {
      "name": "@serialport/parser-byte-length",
      "version": "9.0.1",
      "license": "MIT",
      "engines": {
        "node": ">=8.6.0"
      }
    }
  }
}
