{
  "name": "@serialport/terminal",
  "version": "10.0.2",
  "lockfileVersion": 2,
  "requires": true,
  "packages": {
    "": {
      "name": "@serialport/terminal",
      "version": "10.0.1",
      "license": "MIT",
      "dependencies": {
        "@serialport/bindings-cpp": "^10.2.1",
        "@serialport/stream": "10.0.1",
        "commander": "^8.3.0",
        "enquirer": "^2.3.5"
      },
      "bin": {
        "serialport-terminal": "lib/index.js"
      },
      "engines": {
        "node": ">=12.0.0"
      },
      "funding": {
        "url": "https://opencollective.com/serialport/donate"
      }
    },
    "node_modules/@serialport/binding-abstract": {
      "version": "10.0.1",
      "resolved": "https://registry.npmjs.org/@serialport/binding-abstract/-/binding-abstract-10.0.1.tgz",
      "integrity": "sha512-FWD/uNrz8V3kaTILQTK05Z1LB/LZin8XZelmX/wd1NNlRFAj6V64MIESWhwUy3iPnL1QriFR1k7URHHx3RRgfg==",
      "dependencies": {
        "debug": "^4.3.2"
      },
      "engines": {
        "node": ">=12.0.0"
      },
      "funding": {
        "url": "https://opencollective.com/serialport/donate"
      }
    },
    "node_modules/@serialport/bindings-cpp": {
      "version": "10.2.1",
      "resolved": "https://registry.npmjs.org/@serialport/bindings-cpp/-/bindings-cpp-10.2.1.tgz",
      "integrity": "sha512-PCnMBdy53/DLYx8dJg4e8Na1hMVGxE0d60IU6i03+k5SEmtPblixvIyytcllFhMRGQmH2zHHjP/2Big2Rjddwg==",
      "hasInstallScript": true,
      "dependencies": {
        "@serialport/binding-abstract": "10.0.1",
        "@serialport/parser-readline": "10.0.1",
        "debug": "^4.3.2",
        "node-addon-api": "4.2.0",
        "node-gyp-build": "^4.3.0"
      },
      "engines": {
        "node": ">=12.17.0 <13.0 || >=14.0.0"
      },
      "funding": {
        "url": "https://opencollective.com/serialport/donate"
      }
    },
    "node_modules/@serialport/parser-delimiter": {
      "version": "10.0.1",
      "resolved": "https://registry.npmjs.org/@serialport/parser-delimiter/-/parser-delimiter-10.0.1.tgz",
      "integrity": "sha512-B0c6dm9UCpRU/LhkvRFL3OSbs69VqWU7mjW7tM109JDNS+vw8uJPumXz8Giub6D0xl90J7euH6tBTqERk7048Q==",
      "engines": {
        "node": ">=12.0.0"
      },
      "funding": {
        "url": "https://opencollective.com/serialport/donate"
      }
    },
    "node_modules/@serialport/parser-readline": {
      "version": "10.0.1",
      "resolved": "https://registry.npmjs.org/@serialport/parser-readline/-/parser-readline-10.0.1.tgz",
      "integrity": "sha512-jdKPNka/Nn17k89T5UIyis39EaZHQCmq+83s0icBt2iPBlX8+BrJAUBe8myFpuT22qskTVNzFoTMPOp8pjK/yw==",
      "dependencies": {
        "@serialport/parser-delimiter": "10.0.1"
      },
      "engines": {
        "node": ">=12.0.0"
      },
      "funding": {
        "url": "https://opencollective.com/serialport/donate"
      }
    },
    "node_modules/@serialport/stream": {
      "version": "10.0.1",
      "resolved": "https://registry.npmjs.org/@serialport/stream/-/stream-10.0.1.tgz",
      "integrity": "sha512-WQ5baxC56Jxo9mXgHq3BPxCXKnfOo3PZxpm6CDaKsZbdsdPYChogRsJCzKjAn6QaKIIFv3/5UdAXKmMCxkeVDA==",
      "dependencies": {
        "debug": "^4.3.2"
      },
      "engines": {
        "node": ">=12.0.0"
      },
      "funding": {
        "url": "https://opencollective.com/serialport/donate"
      }
    },
    "node_modules/ansi-colors": {
      "version": "4.1.1",
      "resolved": "https://registry.npmjs.org/ansi-colors/-/ansi-colors-4.1.1.tgz",
      "integrity": "sha512-JoX0apGbHaUJBNl6yF+p6JAFYZ666/hhCGKN5t9QFjbJQKUU/g8MNbFDbvfrgKXvI1QpZplPOnwIo99lX/AAmA==",
      "engines": {
        "node": ">=6"
      }
    },
    "node_modules/commander": {
      "version": "8.3.0",
      "resolved": "https://registry.npmjs.org/commander/-/commander-8.3.0.tgz",
      "integrity": "sha512-OkTL9umf+He2DZkUq8f8J9of7yL6RJKI24dVITBmNfZBmri9zYZQrKkuXiKhyfPSu8tUhnVBB1iKXevvnlR4Ww==",
      "engines": {
        "node": ">= 12"
      }
    },
    "node_modules/debug": {
      "version": "4.3.2",
      "resolved": "https://registry.npmjs.org/debug/-/debug-4.3.2.tgz",
      "integrity": "sha512-mOp8wKcvj7XxC78zLgw/ZA+6TSgkoE2C/ienthhRD298T7UNwAg9diBpLRxC0mOezLl4B0xV7M0cCO6P/O0Xhw==",
      "dependencies": {
        "ms": "2.1.2"
      },
      "engines": {
        "node": ">=6.0"
      },
      "peerDependenciesMeta": {
        "supports-color": {
          "optional": true
        }
      }
    },
    "node_modules/enquirer": {
      "version": "2.3.6",
      "resolved": "https://registry.npmjs.org/enquirer/-/enquirer-2.3.6.tgz",
      "integrity": "sha512-yjNnPr315/FjS4zIsUxYguYUPP2e1NK4d7E7ZOLiyYCcbFBiTMyID+2wvm2w6+pZ/odMA7cRkjhsPbltwBOrLg==",
      "dependencies": {
        "ansi-colors": "^4.1.1"
      },
      "engines": {
        "node": ">=8.6"
      }
    },
    "node_modules/ms": {
      "version": "2.1.2",
      "resolved": "https://registry.npmjs.org/ms/-/ms-2.1.2.tgz",
      "integrity": "sha512-sGkPx+VjMtmA6MX27oA4FBFELFCZZ4S4XqeGOXCv68tT+jb3vk/RyaKWP0PTKyWtmLSM0b+adUTEvbs1PEaH2w=="
    },
    "node_modules/node-addon-api": {
      "version": "4.2.0",
      "resolved": "https://registry.npmjs.org/node-addon-api/-/node-addon-api-4.2.0.tgz",
      "integrity": "sha512-eazsqzwG2lskuzBqCGPi7Ac2UgOoMz8JVOXVhTvvPDYhthvNpefx8jWD8Np7Gv+2Sz0FlPWZk0nJV0z598Wn8Q=="
    },
    "node_modules/node-gyp-build": {
      "version": "4.3.0",
      "resolved": "https://registry.npmjs.org/node-gyp-build/-/node-gyp-build-4.3.0.tgz",
      "integrity": "sha512-iWjXZvmboq0ja1pUGULQBexmxq8CV4xBhX7VDOTbL7ZR4FOowwY/VOtRxBN/yKxmdGoIp4j5ysNT4u3S2pDQ3Q==",
      "bin": {
        "node-gyp-build": "bin.js",
        "node-gyp-build-optional": "optional.js",
        "node-gyp-build-test": "build-test.js"
      }
    }
  },
  "dependencies": {
    "@serialport/binding-abstract": {
      "version": "10.0.1",
      "resolved": "https://registry.npmjs.org/@serialport/binding-abstract/-/binding-abstract-10.0.1.tgz",
      "integrity": "sha512-FWD/uNrz8V3kaTILQTK05Z1LB/LZin8XZelmX/wd1NNlRFAj6V64MIESWhwUy3iPnL1QriFR1k7URHHx3RRgfg==",
      "requires": {
        "debug": "^4.3.2"
      }
    },
    "@serialport/bindings-cpp": {
      "version": "10.2.1",
      "resolved": "https://registry.npmjs.org/@serialport/bindings-cpp/-/bindings-cpp-10.2.1.tgz",
      "integrity": "sha512-PCnMBdy53/DLYx8dJg4e8Na1hMVGxE0d60IU6i03+k5SEmtPblixvIyytcllFhMRGQmH2zHHjP/2Big2Rjddwg==",
      "requires": {
        "@serialport/binding-abstract": "10.0.1",
        "@serialport/parser-readline": "10.0.1",
        "debug": "^4.3.2",
        "node-addon-api": "4.2.0",
        "node-gyp-build": "^4.3.0"
      }
    },
    "@serialport/parser-delimiter": {
      "version": "10.0.1",
      "resolved": "https://registry.npmjs.org/@serialport/parser-delimiter/-/parser-delimiter-10.0.1.tgz",
      "integrity": "sha512-B0c6dm9UCpRU/LhkvRFL3OSbs69VqWU7mjW7tM109JDNS+vw8uJPumXz8Giub6D0xl90J7euH6tBTqERk7048Q=="
    },
    "@serialport/parser-readline": {
      "version": "10.0.1",
      "resolved": "https://registry.npmjs.org/@serialport/parser-readline/-/parser-readline-10.0.1.tgz",
      "integrity": "sha512-jdKPNka/Nn17k89T5UIyis39EaZHQCmq+83s0icBt2iPBlX8+BrJAUBe8myFpuT22qskTVNzFoTMPOp8pjK/yw==",
      "requires": {
        "@serialport/parser-delimiter": "10.0.1"
      }
    },
    "@serialport/stream": {
      "version": "10.0.1",
      "resolved": "https://registry.npmjs.org/@serialport/stream/-/stream-10.0.1.tgz",
      "integrity": "sha512-WQ5baxC56Jxo9mXgHq3BPxCXKnfOo3PZxpm6CDaKsZbdsdPYChogRsJCzKjAn6QaKIIFv3/5UdAXKmMCxkeVDA==",
      "requires": {
        "debug": "^4.3.2"
      }
    },
    "ansi-colors": {
      "version": "4.1.1",
      "resolved": "https://registry.npmjs.org/ansi-colors/-/ansi-colors-4.1.1.tgz",
      "integrity": "sha512-JoX0apGbHaUJBNl6yF+p6JAFYZ666/hhCGKN5t9QFjbJQKUU/g8MNbFDbvfrgKXvI1QpZplPOnwIo99lX/AAmA=="
    },
    "commander": {
      "version": "8.3.0",
      "resolved": "https://registry.npmjs.org/commander/-/commander-8.3.0.tgz",
      "integrity": "sha512-OkTL9umf+He2DZkUq8f8J9of7yL6RJKI24dVITBmNfZBmri9zYZQrKkuXiKhyfPSu8tUhnVBB1iKXevvnlR4Ww=="
    },
    "debug": {
      "version": "4.3.2",
      "resolved": "https://registry.npmjs.org/debug/-/debug-4.3.2.tgz",
      "integrity": "sha512-mOp8wKcvj7XxC78zLgw/ZA+6TSgkoE2C/ienthhRD298T7UNwAg9diBpLRxC0mOezLl4B0xV7M0cCO6P/O0Xhw==",
      "requires": {
        "ms": "2.1.2"
      }
    },
    "enquirer": {
      "version": "2.3.6",
      "resolved": "https://registry.npmjs.org/enquirer/-/enquirer-2.3.6.tgz",
      "integrity": "sha512-yjNnPr315/FjS4zIsUxYguYUPP2e1NK4d7E7ZOLiyYCcbFBiTMyID+2wvm2w6+pZ/odMA7cRkjhsPbltwBOrLg==",
      "requires": {
        "ansi-colors": "^4.1.1"
      }
    },
    "ms": {
      "version": "2.1.2",
      "resolved": "https://registry.npmjs.org/ms/-/ms-2.1.2.tgz",
      "integrity": "sha512-sGkPx+VjMtmA6MX27oA4FBFELFCZZ4S4XqeGOXCv68tT+jb3vk/RyaKWP0PTKyWtmLSM0b+adUTEvbs1PEaH2w=="
    },
    "node-addon-api": {
      "version": "4.2.0",
      "resolved": "https://registry.npmjs.org/node-addon-api/-/node-addon-api-4.2.0.tgz",
      "integrity": "sha512-eazsqzwG2lskuzBqCGPi7Ac2UgOoMz8JVOXVhTvvPDYhthvNpefx8jWD8Np7Gv+2Sz0FlPWZk0nJV0z598Wn8Q=="
    },
    "node-gyp-build": {
      "version": "4.3.0",
      "resolved": "https://registry.npmjs.org/node-gyp-build/-/node-gyp-build-4.3.0.tgz",
      "integrity": "sha512-iWjXZvmboq0ja1pUGULQBexmxq8CV4xBhX7VDOTbL7ZR4FOowwY/VOtRxBN/yKxmdGoIp4j5ysNT4u3S2pDQ3Q=="
    }
  }
}
