{
	"name": "@serialport/terminal",
	"version": "9.2.0",
	"lockfileVersion": 2,
	"requires": true,
	"packages": {
		"": {
			"name": "@serialport/terminal",
			"version": "9.2.0",
			"license": "MIT",
			"dependencies": {
				"commander": "^7.1.0",
				"enquirer": "^2.3.5"
			},
			"bin": {
				"serialport-terminal": "lib/index.js"
			},
			"engines": {
				"node": ">=10.0.0"
			},
			"funding": {
				"url": "https://opencollective.com/serialport/donate"
			}
		},
		"node_modules/ansi-colors": {
			"version": "4.1.1",
			"resolved": "https://registry.npmjs.org/ansi-colors/-/ansi-colors-4.1.1.tgz",
			"integrity": "sha512-JoX0apGbHaUJBNl6yF+p6JAFYZ666/hhCGKN5t9QFjbJQKUU/g8MNbFDbvfrgKXvI1QpZplPOnwIo99lX/AAmA==",
			"engines": {
				"node": ">=6"
			}
		},
		"node_modules/commander": {
			"version": "7.1.0",
			"resolved": "https://registry.npmjs.org/commander/-/commander-7.1.0.tgz",
			"integrity": "sha512-pRxBna3MJe6HKnBGsDyMv8ETbptw3axEdYHoqNh7gu5oDcew8fs0xnivZGm06Ogk8zGAJ9VX+OPEr2GXEQK4dg==",
			"engines": {
				"node": ">= 10"
			}
		},
		"node_modules/enquirer": {
			"version": "2.3.6",
			"resolved": "https://registry.npmjs.org/enquirer/-/enquirer-2.3.6.tgz",
			"integrity": "sha512-yjNnPr315/FjS4zIsUxYguYUPP2e1NK4d7E7ZOLiyYCcbFBiTMyID+2wvm2w6+pZ/odMA7cRkjhsPbltwBOrLg==",
			"dependencies": {
				"ansi-colors": "^4.1.1"
			},
			"engines": {
				"node": ">=8.6"
			}
		}
	},
	"dependencies": {
		"ansi-colors": {
			"version": "4.1.1",
			"resolved": "https://registry.npmjs.org/ansi-colors/-/ansi-colors-4.1.1.tgz",
			"integrity": "sha512-JoX0apGbHaUJBNl6yF+p6JAFYZ666/hhCGKN5t9QFjbJQKUU/g8MNbFDbvfrgKXvI1QpZplPOnwIo99lX/AAmA=="
		},
		"commander": {
			"version": "7.1.0",
			"resolved": "https://registry.npmjs.org/commander/-/commander-7.1.0.tgz",
			"integrity": "sha512-pRxBna3MJe6HKnBGsDyMv8ETbptw3axEdYHoqNh7gu5oDcew8fs0xnivZGm06Ogk8zGAJ9VX+OPEr2GXEQK4dg=="
		},
		"enquirer": {
			"version": "2.3.6",
			"resolved": "https://registry.npmjs.org/enquirer/-/enquirer-2.3.6.tgz",
			"integrity": "sha512-yjNnPr315/FjS4zIsUxYguYUPP2e1NK4d7E7ZOLiyYCcbFBiTMyID+2wvm2w6+pZ/odMA7cRkjhsPbltwBOrLg==",
			"requires": {
				"ansi-colors": "^4.1.1"
			}
		}
	}
}
