{
	"name": "@serialport/terminal",
	"version": "10.4.0",
	"lockfileVersion": 2,
	"requires": true,
	"packages": {
		"": {
			"name": "@serialport/terminal",
			"version": "10.4.0",
			"license": "MIT",
			"dependencies": {
				"@serialport/bindings-cpp": "10.7.0",
				"commander": "9.2.0",
				"enquirer": "2.3.6"
			},
			"bin": {
				"serialport-terminal": "dist/index.js"
			},
			"devDependencies": {
				"typescript": "4.6.2"
			},
			"engines": {
				"node": ">=12.0.0"
			},
			"funding": {
				"url": "https://opencollective.com/serialport/donate"
			}
		},
		"node_modules/@serialport/bindings-cpp": {
			"version": "10.7.0",
			"resolved": "https://registry.npmjs.org/@serialport/bindings-cpp/-/bindings-cpp-10.7.0.tgz",
			"integrity": "sha512-Xx1wA2UCG2loS32hxNvWJI4smCzGKhWqE85//fLRzHoGgE1lSLe3Nk7W40/ebrlGFHWRbQZmeaIF4chb2XLliA==",
			"hasInstallScript": true,
			"dependencies": {
				"@serialport/bindings-interface": "1.2.1",
				"@serialport/parser-readline": "^10.2.1",
				"debug": "^4.3.2",
				"node-addon-api": "^4.3.0",
				"node-gyp-build": "^4.3.0"
			},
			"engines": {
				"node": ">=12.17.0 <13.0 || >=14.0.0"
			},
			"funding": {
				"url": "https://opencollective.com/serialport/donate"
			}
		},
		"node_modules/@serialport/bindings-interface": {
			"version": "1.2.1",
			"resolved": "https://registry.npmjs.org/@serialport/bindings-interface/-/bindings-interface-1.2.1.tgz",
			"integrity": "sha512-63Dyqz2gtryRDDckFusOYqLYhR3Hq/M4sEdbF9i/VsvDb6T+tNVgoAKUZ+FMrXXKnCSu+hYbk+MTc0XQANszxw==",
			"engines": {
				"node": "^12.22 || ^14.13 || >=16"
			}
		},
		"node_modules/@serialport/parser-delimiter": {
			"version": "10.2.1",
			"resolved": "https://registry.npmjs.org/@serialport/parser-delimiter/-/parser-delimiter-10.2.1.tgz",
			"integrity": "sha512-aBLgoLuqmBWddm1qxlqTagVSXe8DJqrMDYjCaVlyyCOj125EOCJBbKtMTkE58QP7Pv6pLAFb0OQ8kzgPKK7yXQ==",
			"engines": {
				"node": ">=12.0.0"
			},
			"funding": {
				"url": "https://opencollective.com/serialport/donate"
			}
		},
		"node_modules/@serialport/parser-readline": {
			"version": "10.2.1",
			"resolved": "https://registry.npmjs.org/@serialport/parser-readline/-/parser-readline-10.2.1.tgz",
			"integrity": "sha512-cUU2X8zBGq8o4H468QWQSTeMhpMSAtUREwqi8t3lWhO64T3Fu6dHMri/ebDy3kod4V+gT7hWe9Dc20/WUJpSCA==",
			"dependencies": {
				"@serialport/parser-delimiter": "10.2.1"
			},
			"engines": {
				"node": ">=12.0.0"
			},
			"funding": {
				"url": "https://opencollective.com/serialport/donate"
			}
		},
		"node_modules/ansi-colors": {
			"version": "4.1.1",
			"resolved": "https://registry.npmjs.org/ansi-colors/-/ansi-colors-4.1.1.tgz",
			"integrity": "sha512-JoX0apGbHaUJBNl6yF+p6JAFYZ666/hhCGKN5t9QFjbJQKUU/g8MNbFDbvfrgKXvI1QpZplPOnwIo99lX/AAmA==",
			"engines": {
				"node": ">=6"
			}
		},
		"node_modules/commander": {
			"version": "9.2.0",
			"resolved": "https://registry.npmjs.org/commander/-/commander-9.2.0.tgz",
			"integrity": "sha512-e2i4wANQiSXgnrBlIatyHtP1odfUp0BbV5Y5nEGbxtIrStkEOAAzCUirvLBNXHLr7kwLvJl6V+4V3XV9x7Wd9w==",
			"engines": {
				"node": "^12.20.0 || >=14"
			}
		},
		"node_modules/debug": {
			"version": "4.3.3",
			"resolved": "https://registry.npmjs.org/debug/-/debug-4.3.3.tgz",
			"integrity": "sha512-/zxw5+vh1Tfv+4Qn7a5nsbcJKPaSvCDhojn6FEl9vupwK2VCSDtEiEtqr8DFtzYFOdz63LBkxec7DYuc2jon6Q==",
			"dependencies": {
				"ms": "2.1.2"
			},
			"engines": {
				"node": ">=6.0"
			},
			"peerDependenciesMeta": {
				"supports-color": {
					"optional": true
				}
			}
		},
		"node_modules/enquirer": {
			"version": "2.3.6",
			"resolved": "https://registry.npmjs.org/enquirer/-/enquirer-2.3.6.tgz",
			"integrity": "sha512-yjNnPr315/FjS4zIsUxYguYUPP2e1NK4d7E7ZOLiyYCcbFBiTMyID+2wvm2w6+pZ/odMA7cRkjhsPbltwBOrLg==",
			"dependencies": {
				"ansi-colors": "^4.1.1"
			},
			"engines": {
				"node": ">=8.6"
			}
		},
		"node_modules/ms": {
			"version": "2.1.2",
			"resolved": "https://registry.npmjs.org/ms/-/ms-2.1.2.tgz",
			"integrity": "sha512-sGkPx+VjMtmA6MX27oA4FBFELFCZZ4S4XqeGOXCv68tT+jb3vk/RyaKWP0PTKyWtmLSM0b+adUTEvbs1PEaH2w=="
		},
		"node_modules/node-addon-api": {
			"version": "4.3.0",
			"resolved": "https://registry.npmjs.org/node-addon-api/-/node-addon-api-4.3.0.tgz",
			"integrity": "sha512-73sE9+3UaLYYFmDsFZnqCInzPyh3MqIwZO9cw58yIqAZhONrrabrYyYe3TuIqtIiOuTXVhsGau8hcrhhwSsDIQ=="
		},
		"node_modules/node-gyp-build": {
			"version": "4.3.0",
			"resolved": "https://registry.npmjs.org/node-gyp-build/-/node-gyp-build-4.3.0.tgz",
			"integrity": "sha512-iWjXZvmboq0ja1pUGULQBexmxq8CV4xBhX7VDOTbL7ZR4FOowwY/VOtRxBN/yKxmdGoIp4j5ysNT4u3S2pDQ3Q==",
			"bin": {
				"node-gyp-build": "bin.js",
				"node-gyp-build-optional": "optional.js",
				"node-gyp-build-test": "build-test.js"
			}
		},
		"node_modules/typescript": {
			"version": "4.6.2",
			"resolved": "https://registry.npmjs.org/typescript/-/typescript-4.6.2.tgz",
			"integrity": "sha512-HM/hFigTBHZhLXshn9sN37H085+hQGeJHJ/X7LpBWLID/fbc2acUMfU+lGD98X81sKP+pFa9f0DZmCwB9GnbAg==",
			"dev": true,
			"bin": {
				"tsc": "bin/tsc",
				"tsserver": "bin/tsserver"
			},
			"engines": {
				"node": ">=4.2.0"
			}
		}
	},
	"dependencies": {
		"@serialport/bindings-cpp": {
			"version": "10.7.0",
			"resolved": "https://registry.npmjs.org/@serialport/bindings-cpp/-/bindings-cpp-10.7.0.tgz",
			"integrity": "sha512-Xx1wA2UCG2loS32hxNvWJI4smCzGKhWqE85//fLRzHoGgE1lSLe3Nk7W40/ebrlGFHWRbQZmeaIF4chb2XLliA==",
			"requires": {
				"@serialport/bindings-interface": "1.2.1",
				"@serialport/parser-readline": "^10.2.1",
				"debug": "^4.3.2",
				"node-addon-api": "^4.3.0",
				"node-gyp-build": "^4.3.0"
			}
		},
		"@serialport/bindings-interface": {
			"version": "1.2.1",
			"resolved": "https://registry.npmjs.org/@serialport/bindings-interface/-/bindings-interface-1.2.1.tgz",
			"integrity": "sha512-63Dyqz2gtryRDDckFusOYqLYhR3Hq/M4sEdbF9i/VsvDb6T+tNVgoAKUZ+FMrXXKnCSu+hYbk+MTc0XQANszxw=="
		},
		"@serialport/parser-delimiter": {
			"version": "10.2.1",
			"resolved": "https://registry.npmjs.org/@serialport/parser-delimiter/-/parser-delimiter-10.2.1.tgz",
			"integrity": "sha512-aBLgoLuqmBWddm1qxlqTagVSXe8DJqrMDYjCaVlyyCOj125EOCJBbKtMTkE58QP7Pv6pLAFb0OQ8kzgPKK7yXQ=="
		},
		"@serialport/parser-readline": {
			"version": "10.2.1",
			"resolved": "https://registry.npmjs.org/@serialport/parser-readline/-/parser-readline-10.2.1.tgz",
			"integrity": "sha512-cUU2X8zBGq8o4H468QWQSTeMhpMSAtUREwqi8t3lWhO64T3Fu6dHMri/ebDy3kod4V+gT7hWe9Dc20/WUJpSCA==",
			"requires": {
				"@serialport/parser-delimiter": "10.2.1"
			}
		},
		"ansi-colors": {
			"version": "4.1.1",
			"resolved": "https://registry.npmjs.org/ansi-colors/-/ansi-colors-4.1.1.tgz",
			"integrity": "sha512-JoX0apGbHaUJBNl6yF+p6JAFYZ666/hhCGKN5t9QFjbJQKUU/g8MNbFDbvfrgKXvI1QpZplPOnwIo99lX/AAmA=="
		},
		"commander": {
			"version": "9.2.0",
			"resolved": "https://registry.npmjs.org/commander/-/commander-9.2.0.tgz",
			"integrity": "sha512-e2i4wANQiSXgnrBlIatyHtP1odfUp0BbV5Y5nEGbxtIrStkEOAAzCUirvLBNXHLr7kwLvJl6V+4V3XV9x7Wd9w=="
		},
		"debug": {
			"version": "4.3.3",
			"resolved": "https://registry.npmjs.org/debug/-/debug-4.3.3.tgz",
			"integrity": "sha512-/zxw5+vh1Tfv+4Qn7a5nsbcJKPaSvCDhojn6FEl9vupwK2VCSDtEiEtqr8DFtzYFOdz63LBkxec7DYuc2jon6Q==",
			"requires": {
				"ms": "2.1.2"
			}
		},
		"enquirer": {
			"version": "2.3.6",
			"resolved": "https://registry.npmjs.org/enquirer/-/enquirer-2.3.6.tgz",
			"integrity": "sha512-yjNnPr315/FjS4zIsUxYguYUPP2e1NK4d7E7ZOLiyYCcbFBiTMyID+2wvm2w6+pZ/odMA7cRkjhsPbltwBOrLg==",
			"requires": {
				"ansi-colors": "^4.1.1"
			}
		},
		"ms": {
			"version": "2.1.2",
			"resolved": "https://registry.npmjs.org/ms/-/ms-2.1.2.tgz",
			"integrity": "sha512-sGkPx+VjMtmA6MX27oA4FBFELFCZZ4S4XqeGOXCv68tT+jb3vk/RyaKWP0PTKyWtmLSM0b+adUTEvbs1PEaH2w=="
		},
		"node-addon-api": {
			"version": "4.3.0",
			"resolved": "https://registry.npmjs.org/node-addon-api/-/node-addon-api-4.3.0.tgz",
			"integrity": "sha512-73sE9+3UaLYYFmDsFZnqCInzPyh3MqIwZO9cw58yIqAZhONrrabrYyYe3TuIqtIiOuTXVhsGau8hcrhhwSsDIQ=="
		},
		"node-gyp-build": {
			"version": "4.3.0",
			"resolved": "https://registry.npmjs.org/node-gyp-build/-/node-gyp-build-4.3.0.tgz",
			"integrity": "sha512-iWjXZvmboq0ja1pUGULQBexmxq8CV4xBhX7VDOTbL7ZR4FOowwY/VOtRxBN/yKxmdGoIp4j5ysNT4u3S2pDQ3Q=="
		},
		"typescript": {
			"version": "4.6.2",
			"resolved": "https://registry.npmjs.org/typescript/-/typescript-4.6.2.tgz",
			"integrity": "sha512-HM/hFigTBHZhLXshn9sN37H085+hQGeJHJ/X7LpBWLID/fbc2acUMfU+lGD98X81sKP+pFa9f0DZmCwB9GnbAg==",
			"dev": true
		}
	}
}
