{
  "name": "@serialport/binding-mock",
  "version": "9.2.4",
  "lockfileVersion": 1,
  "requires": true,
  "dependencies": {
    "@serialport/binding-abstract": {
      "version": "9.2.3",
      "resolved": "https://registry.npmjs.org/@serialport/binding-abstract/-/binding-abstract-9.2.3.tgz",
      "integrity": "sha512-cQs9tbIlG3P0IrOWyVirqlhWuJ7Ms2Zh9m2108z6Y5UW/iVj6wEOiW8EmK9QX9jmJXYllE7wgGgvVozP5oCj3w==",
      "requires": {
        "debug": "^4.3.2"
      }
    },
    "debug": {
      "version": "4.3.2",
      "resolved": "https://registry.npmjs.org/debug/-/debug-4.3.2.tgz",
      "integrity": "sha512-mOp8wKcvj7XxC78zLgw/ZA+6TSgkoE2C/ienthhRD298T7UNwAg9diBpLRxC0mOezLl4B0xV7M0cCO6P/O0Xhw==",
      "requires": {
        "ms": "2.1.2"
      }
    },
    "ms": {
      "version": "2.1.2",
      "resolved": "https://registry.npmjs.org/ms/-/ms-2.1.2.tgz",
      "integrity": "sha512-sGkPx+VjMtmA6MX27oA4FBFELFCZZ4S4XqeGOXCv68tT+jb3vk/RyaKWP0PTKyWtmLSM0b+adUTEvbs1PEaH2w=="
    }
  }
}
