{
  "name": "serialport",
  "version": "10.3.0",
  "lockfileVersion": 2,
  "requires": true,
  "packages": {
    "": {
      "name": "serialport",
      "version": "10.2.2",
      "license": "MIT",
      "dependencies": {
        "@serialport/binding-mock": "10.2.2",
        "@serialport/bindings-cpp": "10.6.3",
        "@serialport/parser-byte-length": "10.2.2",
        "@serialport/parser-cctalk": "10.2.2",
        "@serialport/parser-delimiter": "10.2.2",
        "@serialport/parser-inter-byte-timeout": "10.2.2",
        "@serialport/parser-packet-length": "10.2.2",
        "@serialport/parser-readline": "10.2.2",
        "@serialport/parser-ready": "10.2.2",
        "@serialport/parser-regex": "10.2.2",
        "@serialport/parser-slip-encoder": "10.2.2",
        "@serialport/parser-spacepacket": "10.2.2",
        "@serialport/stream": "10.2.2",
        "debug": "^4.3.3"
      },
      "devDependencies": {
        "typescript": "^4.5.5"
      },
      "engines": {
        "node": ">=12.0.0"
      },
      "funding": {
        "url": "https://opencollective.com/serialport/donate"
      }
    },
    "node_modules/@serialport/binding-mock": {
      "version": "10.2.2",
      "resolved": "https://registry.npmjs.org/@serialport/binding-mock/-/binding-mock-10.2.2.tgz",
      "integrity": "sha512-HAFzGhk9OuFMpuor7aT5G1ChPgn5qSsklTFOTUX72Rl6p0xwcSVsRtG/xaGp6bxpN7fI9D/S8THLBWbBgS6ldw==",
      "dependencies": {
        "@serialport/bindings-interface": "^1.2.1",
        "debug": "^4.3.3"
      },
      "engines": {
        "node": ">=12.0.0"
      }
    },
    "node_modules/@serialport/bindings-cpp": {
      "version": "10.6.3",
      "resolved": "https://registry.npmjs.org/@serialport/bindings-cpp/-/bindings-cpp-10.6.3.tgz",
      "integrity": "sha512-jmALQ62JvIlCIx8osWifVXX1GoftlTPiX/HuEYeCYlRmtwXrbBzoD8dXu48YfGoZ/dwaYYKTsJarHqFoPq809Q==",
      "hasInstallScript": true,
      "dependencies": {
        "@serialport/bindings-interface": "1.2.1",
        "@serialport/parser-readline": "^10.2.1",
        "debug": "^4.3.2",
        "node-addon-api": "^4.3.0",
        "node-gyp-build": "^4.3.0"
      },
      "engines": {
        "node": ">=12.17.0 <13.0 || >=14.0.0"
      },
      "funding": {
        "url": "https://opencollective.com/serialport/donate"
      }
    },
    "node_modules/@serialport/bindings-interface": {
      "version": "1.2.1",
      "resolved": "https://registry.npmjs.org/@serialport/bindings-interface/-/bindings-interface-1.2.1.tgz",
      "integrity": "sha512-63Dyqz2gtryRDDckFusOYqLYhR3Hq/M4sEdbF9i/VsvDb6T+tNVgoAKUZ+FMrXXKnCSu+hYbk+MTc0XQANszxw==",
      "engines": {
        "node": "^12.22 || ^14.13 || >=16"
      }
    },
    "node_modules/@serialport/parser-byte-length": {
      "version": "10.2.2",
      "resolved": "https://registry.npmjs.org/@serialport/parser-byte-length/-/parser-byte-length-10.2.2.tgz",
      "integrity": "sha512-3xqaRbNiqDo8Gf1jPgrZr2nObKfAjhFihINZLJfPG7skWXfDKuF0zXuStzixre26N8GYWnkn4j/oEnI0RZjVDA==",
      "engines": {
        "node": ">=12.0.0"
      },
      "funding": {
        "url": "https://opencollective.com/serialport/donate"
      }
    },
    "node_modules/@serialport/parser-cctalk": {
      "version": "10.2.2",
      "resolved": "https://registry.npmjs.org/@serialport/parser-cctalk/-/parser-cctalk-10.2.2.tgz",
      "integrity": "sha512-WK+82D10y+vL2Rv1Hs2MRNKeY18uVC0+eH9QCfD9e2o+4+jPHfN2boJQFxVGtrlss8j5DmQ5Sc5Qe6Ep+f20/Q==",
      "engines": {
        "node": ">=12.0.0"
      },
      "funding": {
        "url": "https://opencollective.com/serialport/donate"
      }
    },
    "node_modules/@serialport/parser-delimiter": {
      "version": "10.2.2",
      "resolved": "https://registry.npmjs.org/@serialport/parser-delimiter/-/parser-delimiter-10.2.2.tgz",
      "integrity": "sha512-VsepMDIjbHbANMxH4IkXIJY0Tds8XsDo0mgtWK3DrV+IJGXp+2b0pHOuQlSLSfEUmdw7F5drI17fkxc9mxn+pg==",
      "engines": {
        "node": ">=12.0.0"
      },
      "funding": {
        "url": "https://opencollective.com/serialport/donate"
      }
    },
    "node_modules/@serialport/parser-inter-byte-timeout": {
      "version": "10.2.2",
      "resolved": "https://registry.npmjs.org/@serialport/parser-inter-byte-timeout/-/parser-inter-byte-timeout-10.2.2.tgz",
      "integrity": "sha512-J9895aJ+3cHp2Q9qMH3UulfaifHDbDHjLPbO2H0vqjI8gZemL0DGql5ooFI6zsgJStXYT1MjqIhIb8dBIE0nxA==",
      "engines": {
        "node": ">=12.0.0"
      },
      "funding": {
        "url": "https://opencollective.com/serialport/donate"
      }
    },
    "node_modules/@serialport/parser-packet-length": {
      "version": "10.2.2",
      "resolved": "https://registry.npmjs.org/@serialport/parser-packet-length/-/parser-packet-length-10.2.2.tgz",
      "integrity": "sha512-AEh/4pOoolUgCwg7ZW5M81isPjOhSf+Fq7OdyaR0GEHHrRgaY7ma2xkyp+sgjcYoeBzlxe3pPdi7LGtBJEFDnw==",
      "engines": {
        "node": ">=8.6.0"
      }
    },
    "node_modules/@serialport/parser-readline": {
      "version": "10.2.2",
      "resolved": "https://registry.npmjs.org/@serialport/parser-readline/-/parser-readline-10.2.2.tgz",
      "integrity": "sha512-OcWoTsUJeLKWw+rdTuqXFZhii2liE6LeoFK2rtS6L00pB0cd2FGt2Rsx76oTCTyrub6AAUqaS9PRrAI+AUJJpg==",
      "dependencies": {
        "@serialport/parser-delimiter": "10.2.2"
      },
      "engines": {
        "node": ">=12.0.0"
      },
      "funding": {
        "url": "https://opencollective.com/serialport/donate"
      }
    },
    "node_modules/@serialport/parser-ready": {
      "version": "10.2.2",
      "resolved": "https://registry.npmjs.org/@serialport/parser-ready/-/parser-ready-10.2.2.tgz",
      "integrity": "sha512-Y5NA/kMb27afeFvSHhQ0Ov7PUt6vPSUqm7y+u6gajMpYOhKMjbLyQHuYMkgtGgk/PsryaOerd4OCVaYCEj0C+Q==",
      "engines": {
        "node": ">=12.0.0"
      },
      "funding": {
        "url": "https://opencollective.com/serialport/donate"
      }
    },
    "node_modules/@serialport/parser-regex": {
      "version": "10.2.2",
      "resolved": "https://registry.npmjs.org/@serialport/parser-regex/-/parser-regex-10.2.2.tgz",
      "integrity": "sha512-+fAchSfl65Ix1BbyNPBu0SreZg2Tc2JJkvXsKsWFpoaOEsuxbCthrNmyvjt3AZ228pay6kKvF2PkRd/z+BFSfw==",
      "engines": {
        "node": ">=12.0.0"
      },
      "funding": {
        "url": "https://opencollective.com/serialport/donate"
      }
    },
    "node_modules/@serialport/parser-slip-encoder": {
      "version": "10.2.2",
      "resolved": "https://registry.npmjs.org/@serialport/parser-slip-encoder/-/parser-slip-encoder-10.2.2.tgz",
      "integrity": "sha512-cDJvco/exmQ7xgISVNbNb73r8l0j7eQDTVXxa8whUt8tdkf/J5y8jZLZgboh/iXbEcrNtohwUhIfb633NotNxg==",
      "engines": {
        "node": ">=12.0.0"
      },
      "funding": {
        "url": "https://opencollective.com/serialport/donate"
      }
    },
    "node_modules/@serialport/parser-spacepacket": {
      "version": "10.2.2",
      "resolved": "https://registry.npmjs.org/@serialport/parser-spacepacket/-/parser-spacepacket-10.2.2.tgz",
      "integrity": "sha512-TdfDYfIg41lXXuFsbdTZ2IHKhb3MgLJMMRhutoc/q6wX7LFhFD7FhdlkX3w85x15p1Et+iekGW5I/b48s47gXQ==",
      "engines": {
        "node": ">=12.0.0"
      },
      "funding": {
        "url": "https://opencollective.com/serialport/donate"
      }
    },
    "node_modules/@serialport/stream": {
      "version": "10.2.2",
      "resolved": "https://registry.npmjs.org/@serialport/stream/-/stream-10.2.2.tgz",
      "integrity": "sha512-xKO5f73KbqZYadKYbtlDHE5RUwqSK8dF2brQRA6dikeyHWbVNhjwNtjWglwgzPl4SLB1A1uT97hMxrBrSCs6/w==",
      "dependencies": {
        "@serialport/bindings-interface": "1.2.1",
        "debug": "^4.3.2"
      },
      "engines": {
        "node": ">=12.0.0"
      },
      "funding": {
        "url": "https://opencollective.com/serialport/donate"
      }
    },
    "node_modules/debug": {
      "version": "4.3.3",
      "resolved": "https://registry.npmjs.org/debug/-/debug-4.3.3.tgz",
      "integrity": "sha512-/zxw5+vh1Tfv+4Qn7a5nsbcJKPaSvCDhojn6FEl9vupwK2VCSDtEiEtqr8DFtzYFOdz63LBkxec7DYuc2jon6Q==",
      "dependencies": {
        "ms": "2.1.2"
      },
      "engines": {
        "node": ">=6.0"
      },
      "peerDependenciesMeta": {
        "supports-color": {
          "optional": true
        }
      }
    },
    "node_modules/ms": {
      "version": "2.1.2",
      "resolved": "https://registry.npmjs.org/ms/-/ms-2.1.2.tgz",
      "integrity": "sha512-sGkPx+VjMtmA6MX27oA4FBFELFCZZ4S4XqeGOXCv68tT+jb3vk/RyaKWP0PTKyWtmLSM0b+adUTEvbs1PEaH2w=="
    },
    "node_modules/node-addon-api": {
      "version": "4.3.0",
      "resolved": "https://registry.npmjs.org/node-addon-api/-/node-addon-api-4.3.0.tgz",
      "integrity": "sha512-73sE9+3UaLYYFmDsFZnqCInzPyh3MqIwZO9cw58yIqAZhONrrabrYyYe3TuIqtIiOuTXVhsGau8hcrhhwSsDIQ=="
    },
    "node_modules/node-gyp-build": {
      "version": "4.3.0",
      "resolved": "https://registry.npmjs.org/node-gyp-build/-/node-gyp-build-4.3.0.tgz",
      "integrity": "sha512-iWjXZvmboq0ja1pUGULQBexmxq8CV4xBhX7VDOTbL7ZR4FOowwY/VOtRxBN/yKxmdGoIp4j5ysNT4u3S2pDQ3Q==",
      "bin": {
        "node-gyp-build": "bin.js",
        "node-gyp-build-optional": "optional.js",
        "node-gyp-build-test": "build-test.js"
      }
    },
    "node_modules/typescript": {
      "version": "4.5.5",
      "resolved": "https://registry.npmjs.org/typescript/-/typescript-4.5.5.tgz",
      "integrity": "sha512-TCTIul70LyWe6IJWT8QSYeA54WQe8EjQFU4wY52Fasj5UKx88LNYKCgBEHcOMOrFF1rKGbD8v/xcNWVUq9SymA==",
      "dev": true,
      "bin": {
        "tsc": "bin/tsc",
        "tsserver": "bin/tsserver"
      },
      "engines": {
        "node": ">=4.2.0"
      }
    }
  },
  "dependencies": {
    "@serialport/binding-mock": {
      "version": "10.2.2",
      "resolved": "https://registry.npmjs.org/@serialport/binding-mock/-/binding-mock-10.2.2.tgz",
      "integrity": "sha512-HAFzGhk9OuFMpuor7aT5G1ChPgn5qSsklTFOTUX72Rl6p0xwcSVsRtG/xaGp6bxpN7fI9D/S8THLBWbBgS6ldw==",
      "requires": {
        "@serialport/bindings-interface": "^1.2.1",
        "debug": "^4.3.3"
      }
    },
    "@serialport/bindings-cpp": {
      "version": "10.6.3",
      "resolved": "https://registry.npmjs.org/@serialport/bindings-cpp/-/bindings-cpp-10.6.3.tgz",
      "integrity": "sha512-jmALQ62JvIlCIx8osWifVXX1GoftlTPiX/HuEYeCYlRmtwXrbBzoD8dXu48YfGoZ/dwaYYKTsJarHqFoPq809Q==",
      "requires": {
        "@serialport/bindings-interface": "1.2.1",
        "@serialport/parser-readline": "^10.2.1",
        "debug": "^4.3.2",
        "node-addon-api": "^4.3.0",
        "node-gyp-build": "^4.3.0"
      }
    },
    "@serialport/bindings-interface": {
      "version": "1.2.1",
      "resolved": "https://registry.npmjs.org/@serialport/bindings-interface/-/bindings-interface-1.2.1.tgz",
      "integrity": "sha512-63Dyqz2gtryRDDckFusOYqLYhR3Hq/M4sEdbF9i/VsvDb6T+tNVgoAKUZ+FMrXXKnCSu+hYbk+MTc0XQANszxw=="
    },
    "@serialport/parser-byte-length": {
      "version": "10.2.2",
      "resolved": "https://registry.npmjs.org/@serialport/parser-byte-length/-/parser-byte-length-10.2.2.tgz",
      "integrity": "sha512-3xqaRbNiqDo8Gf1jPgrZr2nObKfAjhFihINZLJfPG7skWXfDKuF0zXuStzixre26N8GYWnkn4j/oEnI0RZjVDA=="
    },
    "@serialport/parser-cctalk": {
      "version": "10.2.2",
      "resolved": "https://registry.npmjs.org/@serialport/parser-cctalk/-/parser-cctalk-10.2.2.tgz",
      "integrity": "sha512-WK+82D10y+vL2Rv1Hs2MRNKeY18uVC0+eH9QCfD9e2o+4+jPHfN2boJQFxVGtrlss8j5DmQ5Sc5Qe6Ep+f20/Q=="
    },
    "@serialport/parser-delimiter": {
      "version": "10.2.2",
      "resolved": "https://registry.npmjs.org/@serialport/parser-delimiter/-/parser-delimiter-10.2.2.tgz",
      "integrity": "sha512-VsepMDIjbHbANMxH4IkXIJY0Tds8XsDo0mgtWK3DrV+IJGXp+2b0pHOuQlSLSfEUmdw7F5drI17fkxc9mxn+pg=="
    },
    "@serialport/parser-inter-byte-timeout": {
      "version": "10.2.2",
      "resolved": "https://registry.npmjs.org/@serialport/parser-inter-byte-timeout/-/parser-inter-byte-timeout-10.2.2.tgz",
      "integrity": "sha512-J9895aJ+3cHp2Q9qMH3UulfaifHDbDHjLPbO2H0vqjI8gZemL0DGql5ooFI6zsgJStXYT1MjqIhIb8dBIE0nxA=="
    },
    "@serialport/parser-packet-length": {
      "version": "10.2.2",
      "resolved": "https://registry.npmjs.org/@serialport/parser-packet-length/-/parser-packet-length-10.2.2.tgz",
      "integrity": "sha512-AEh/4pOoolUgCwg7ZW5M81isPjOhSf+Fq7OdyaR0GEHHrRgaY7ma2xkyp+sgjcYoeBzlxe3pPdi7LGtBJEFDnw=="
    },
    "@serialport/parser-readline": {
      "version": "10.2.2",
      "resolved": "https://registry.npmjs.org/@serialport/parser-readline/-/parser-readline-10.2.2.tgz",
      "integrity": "sha512-OcWoTsUJeLKWw+rdTuqXFZhii2liE6LeoFK2rtS6L00pB0cd2FGt2Rsx76oTCTyrub6AAUqaS9PRrAI+AUJJpg==",
      "requires": {
        "@serialport/parser-delimiter": "10.2.2"
      }
    },
    "@serialport/parser-ready": {
      "version": "10.2.2",
      "resolved": "https://registry.npmjs.org/@serialport/parser-ready/-/parser-ready-10.2.2.tgz",
      "integrity": "sha512-Y5NA/kMb27afeFvSHhQ0Ov7PUt6vPSUqm7y+u6gajMpYOhKMjbLyQHuYMkgtGgk/PsryaOerd4OCVaYCEj0C+Q=="
    },
    "@serialport/parser-regex": {
      "version": "10.2.2",
      "resolved": "https://registry.npmjs.org/@serialport/parser-regex/-/parser-regex-10.2.2.tgz",
      "integrity": "sha512-+fAchSfl65Ix1BbyNPBu0SreZg2Tc2JJkvXsKsWFpoaOEsuxbCthrNmyvjt3AZ228pay6kKvF2PkRd/z+BFSfw=="
    },
    "@serialport/parser-slip-encoder": {
      "version": "10.2.2",
      "resolved": "https://registry.npmjs.org/@serialport/parser-slip-encoder/-/parser-slip-encoder-10.2.2.tgz",
      "integrity": "sha512-cDJvco/exmQ7xgISVNbNb73r8l0j7eQDTVXxa8whUt8tdkf/J5y8jZLZgboh/iXbEcrNtohwUhIfb633NotNxg=="
    },
    "@serialport/parser-spacepacket": {
      "version": "10.2.2",
      "resolved": "https://registry.npmjs.org/@serialport/parser-spacepacket/-/parser-spacepacket-10.2.2.tgz",
      "integrity": "sha512-TdfDYfIg41lXXuFsbdTZ2IHKhb3MgLJMMRhutoc/q6wX7LFhFD7FhdlkX3w85x15p1Et+iekGW5I/b48s47gXQ=="
    },
    "@serialport/stream": {
      "version": "10.2.2",
      "resolved": "https://registry.npmjs.org/@serialport/stream/-/stream-10.2.2.tgz",
      "integrity": "sha512-xKO5f73KbqZYadKYbtlDHE5RUwqSK8dF2brQRA6dikeyHWbVNhjwNtjWglwgzPl4SLB1A1uT97hMxrBrSCs6/w==",
      "requires": {
        "@serialport/bindings-interface": "1.2.1",
        "debug": "^4.3.2"
      }
    },
    "debug": {
      "version": "4.3.3",
      "resolved": "https://registry.npmjs.org/debug/-/debug-4.3.3.tgz",
      "integrity": "sha512-/zxw5+vh1Tfv+4Qn7a5nsbcJKPaSvCDhojn6FEl9vupwK2VCSDtEiEtqr8DFtzYFOdz63LBkxec7DYuc2jon6Q==",
      "requires": {
        "ms": "2.1.2"
      }
    },
    "ms": {
      "version": "2.1.2",
      "resolved": "https://registry.npmjs.org/ms/-/ms-2.1.2.tgz",
      "integrity": "sha512-sGkPx+VjMtmA6MX27oA4FBFELFCZZ4S4XqeGOXCv68tT+jb3vk/RyaKWP0PTKyWtmLSM0b+adUTEvbs1PEaH2w=="
    },
    "node-addon-api": {
      "version": "4.3.0",
      "resolved": "https://registry.npmjs.org/node-addon-api/-/node-addon-api-4.3.0.tgz",
      "integrity": "sha512-73sE9+3UaLYYFmDsFZnqCInzPyh3MqIwZO9cw58yIqAZhONrrabrYyYe3TuIqtIiOuTXVhsGau8hcrhhwSsDIQ=="
    },
    "node-gyp-build": {
      "version": "4.3.0",
      "resolved": "https://registry.npmjs.org/node-gyp-build/-/node-gyp-build-4.3.0.tgz",
      "integrity": "sha512-iWjXZvmboq0ja1pUGULQBexmxq8CV4xBhX7VDOTbL7ZR4FOowwY/VOtRxBN/yKxmdGoIp4j5ysNT4u3S2pDQ3Q=="
    },
    "typescript": {
      "version": "4.5.5",
      "resolved": "https://registry.npmjs.org/typescript/-/typescript-4.5.5.tgz",
      "integrity": "sha512-TCTIul70LyWe6IJWT8QSYeA54WQe8EjQFU4wY52Fasj5UKx88LNYKCgBEHcOMOrFF1rKGbD8v/xcNWVUq9SymA==",
      "dev": true
    }
  }
}
