{
  "name": "serialport",
  "version": "10.5.0",
  "lockfileVersion": 2,
  "requires": true,
  "packages": {
    "": {
      "name": "serialport",
      "version": "10.5.0",
      "license": "MIT",
      "dependencies": {
        "@serialport/binding-mock": "10.2.2",
        "@serialport/bindings-cpp": "10.8.0",
        "@serialport/parser-byte-length": "10.5.0",
        "@serialport/parser-cctalk": "10.5.0",
        "@serialport/parser-delimiter": "10.5.0",
        "@serialport/parser-inter-byte-timeout": "10.5.0",
        "@serialport/parser-packet-length": "10.5.0",
        "@serialport/parser-readline": "10.5.0",
        "@serialport/parser-ready": "10.5.0",
        "@serialport/parser-regex": "10.5.0",
        "@serialport/parser-slip-encoder": "10.5.0",
        "@serialport/parser-spacepacket": "10.5.0",
        "@serialport/stream": "10.5.0",
        "debug": "^4.3.3"
      },
      "devDependencies": {
        "typescript": "^4.5.5"
      },
      "engines": {
        "node": ">=12.0.0"
      },
      "funding": {
        "url": "https://opencollective.com/serialport/donate"
      }
    },
    "node_modules/@serialport/binding-mock": {
      "version": "10.2.2",
      "resolved": "https://registry.npmjs.org/@serialport/binding-mock/-/binding-mock-10.2.2.tgz",
      "integrity": "sha512-HAFzGhk9OuFMpuor7aT5G1ChPgn5qSsklTFOTUX72Rl6p0xwcSVsRtG/xaGp6bxpN7fI9D/S8THLBWbBgS6ldw==",
      "dependencies": {
        "@serialport/bindings-interface": "^1.2.1",
        "debug": "^4.3.3"
      },
      "engines": {
        "node": ">=12.0.0"
      }
    },
    "node_modules/@serialport/bindings-cpp": {
      "version": "10.8.0",
      "resolved": "https://registry.npmjs.org/@serialport/bindings-cpp/-/bindings-cpp-10.8.0.tgz",
      "integrity": "sha512-OMQNJz5kJblbmZN5UgJXLwi2XNtVLxSKmq5VyWuXQVsUIJD4l9UGHnLPqM5LD9u3HPZgDI5w7iYN7gxkQNZJUw==",
      "hasInstallScript": true,
      "dependencies": {
        "@serialport/bindings-interface": "1.2.2",
        "@serialport/parser-readline": "^10.2.1",
        "debug": "^4.3.2",
        "node-addon-api": "^5.0.0",
        "node-gyp-build": "^4.3.0"
      },
      "engines": {
        "node": ">=12.17.0 <13.0 || >=14.0.0"
      },
      "funding": {
        "url": "https://opencollective.com/serialport/donate"
      }
    },
    "node_modules/@serialport/bindings-interface": {
      "version": "1.2.2",
      "resolved": "https://registry.npmjs.org/@serialport/bindings-interface/-/bindings-interface-1.2.2.tgz",
      "integrity": "sha512-CJaUd5bLvtM9c5dmO9rPBHPXTa9R2UwpkJ0wdh9JCYcbrPWsKz+ErvR0hBLeo7NPeiFdjFO4sonRljiw4d2XiA==",
      "engines": {
        "node": "^12.22 || ^14.13 || >=16"
      }
    },
    "node_modules/@serialport/parser-byte-length": {
      "version": "10.5.0",
      "resolved": "https://registry.npmjs.org/@serialport/parser-byte-length/-/parser-byte-length-10.5.0.tgz",
      "integrity": "sha512-eHhr4lHKboq1OagyaXAqkemQ1XyoqbLQC8XJbvccm95o476TmEdW5d7AElwZV28kWprPW68ZXdGF2VXCkJgS2w==",
      "engines": {
        "node": ">=12.0.0"
      },
      "funding": {
        "url": "https://opencollective.com/serialport/donate"
      }
    },
    "node_modules/@serialport/parser-cctalk": {
      "version": "10.5.0",
      "resolved": "https://registry.npmjs.org/@serialport/parser-cctalk/-/parser-cctalk-10.5.0.tgz",
      "integrity": "sha512-Iwsdr03xmCKAiibLSr7b3w6ZUTBNiS+PwbDQXdKU/clutXjuoex83XvsOtYVcNZmwJlVNhAUbkG+FJzWwIa4DA==",
      "engines": {
        "node": ">=12.0.0"
      },
      "funding": {
        "url": "https://opencollective.com/serialport/donate"
      }
    },
    "node_modules/@serialport/parser-delimiter": {
      "version": "10.5.0",
      "resolved": "https://registry.npmjs.org/@serialport/parser-delimiter/-/parser-delimiter-10.5.0.tgz",
      "integrity": "sha512-/uR/yT3jmrcwnl2FJU/2ySvwgo5+XpksDUR4NF/nwTS5i3CcuKS+FKi/tLzy1k8F+rCx5JzpiK+koqPqOUWArA==",
      "engines": {
        "node": ">=12.0.0"
      },
      "funding": {
        "url": "https://opencollective.com/serialport/donate"
      }
    },
    "node_modules/@serialport/parser-inter-byte-timeout": {
      "version": "10.5.0",
      "resolved": "https://registry.npmjs.org/@serialport/parser-inter-byte-timeout/-/parser-inter-byte-timeout-10.5.0.tgz",
      "integrity": "sha512-WPvVlSx98HmmUF9jjK6y9mMp3Wnv6JQA0cUxLeZBgS74TibOuYG3fuUxUWGJALgAXotOYMxfXSezJ/vSnQrkhQ==",
      "engines": {
        "node": ">=12.0.0"
      },
      "funding": {
        "url": "https://opencollective.com/serialport/donate"
      }
    },
    "node_modules/@serialport/parser-packet-length": {
      "version": "10.5.0",
      "resolved": "https://registry.npmjs.org/@serialport/parser-packet-length/-/parser-packet-length-10.5.0.tgz",
      "integrity": "sha512-jkpC/8w4/gUBRa2Teyn7URv1D7T//0lGj27/4u9AojpDVXsR6dtdcTG7b7dNirXDlOrSLvvN7aS5/GNaRlEByw==",
      "engines": {
        "node": ">=8.6.0"
      }
    },
    "node_modules/@serialport/parser-readline": {
      "version": "10.5.0",
      "resolved": "https://registry.npmjs.org/@serialport/parser-readline/-/parser-readline-10.5.0.tgz",
      "integrity": "sha512-0aXJknodcl94W9zSjvU+sLdXiyEG2rqjQmvBWZCr8wJZjWEtv3RgrnYiWq4i2OTOyC8C/oPK8ZjpBjQptRsoJQ==",
      "dependencies": {
        "@serialport/parser-delimiter": "10.5.0"
      },
      "engines": {
        "node": ">=12.0.0"
      },
      "funding": {
        "url": "https://opencollective.com/serialport/donate"
      }
    },
    "node_modules/@serialport/parser-ready": {
      "version": "10.5.0",
      "resolved": "https://registry.npmjs.org/@serialport/parser-ready/-/parser-ready-10.5.0.tgz",
      "integrity": "sha512-QIf65LTvUoxqWWHBpgYOL+soldLIIyD1bwuWelukem2yDZVWwEjR288cLQ558BgYxH4U+jLAQahhqoyN1I7BaA==",
      "engines": {
        "node": ">=12.0.0"
      },
      "funding": {
        "url": "https://opencollective.com/serialport/donate"
      }
    },
    "node_modules/@serialport/parser-regex": {
      "version": "10.5.0",
      "resolved": "https://registry.npmjs.org/@serialport/parser-regex/-/parser-regex-10.5.0.tgz",
      "integrity": "sha512-9jnr9+PCxRoLjtGs7uxwsFqvho+rxuJlW6ZWSB7oqfzshEZWXtTJgJRgac/RuLft4hRlrmRz5XU40i3uoL4HKw==",
      "engines": {
        "node": ">=12.0.0"
      },
      "funding": {
        "url": "https://opencollective.com/serialport/donate"
      }
    },
    "node_modules/@serialport/parser-slip-encoder": {
      "version": "10.5.0",
      "resolved": "https://registry.npmjs.org/@serialport/parser-slip-encoder/-/parser-slip-encoder-10.5.0.tgz",
      "integrity": "sha512-wP8m+uXQdkWSa//3n+VvfjLthlabwd9NiG6kegf0fYweLWio8j4pJRL7t9eTh2Lbc7zdxuO0r8ducFzO0m8CQw==",
      "engines": {
        "node": ">=12.0.0"
      },
      "funding": {
        "url": "https://opencollective.com/serialport/donate"
      }
    },
    "node_modules/@serialport/parser-spacepacket": {
      "version": "10.5.0",
      "resolved": "https://registry.npmjs.org/@serialport/parser-spacepacket/-/parser-spacepacket-10.5.0.tgz",
      "integrity": "sha512-BEZ/HAEMwOd8xfuJSeI/823IR/jtnThovh7ils90rXD4DPL1ZmrP4abAIEktwe42RobZjIPfA4PaVfyO0Fjfhg==",
      "engines": {
        "node": ">=12.0.0"
      },
      "funding": {
        "url": "https://opencollective.com/serialport/donate"
      }
    },
    "node_modules/@serialport/stream": {
      "version": "10.5.0",
      "resolved": "https://registry.npmjs.org/@serialport/stream/-/stream-10.5.0.tgz",
      "integrity": "sha512-gbcUdvq9Kyv2HsnywS7QjnEB28g+6OGB5Z8TLP7X+UPpoMIWoUsoQIq5Kt0ZTgMoWn3JGM2lqwTsSHF+1qhniA==",
      "dependencies": {
        "@serialport/bindings-interface": "1.2.2",
        "debug": "^4.3.2"
      },
      "engines": {
        "node": ">=12.0.0"
      },
      "funding": {
        "url": "https://opencollective.com/serialport/donate"
      }
    },
    "node_modules/debug": {
      "version": "4.3.4",
      "resolved": "https://registry.npmjs.org/debug/-/debug-4.3.4.tgz",
      "integrity": "sha512-PRWFHuSU3eDtQJPvnNY7Jcket1j0t5OuOsFzPPzsekD52Zl8qUfFIPEiswXqIvHWGVHOgX+7G/vCNNhehwxfkQ==",
      "dependencies": {
        "ms": "2.1.2"
      },
      "engines": {
        "node": ">=6.0"
      },
      "peerDependenciesMeta": {
        "supports-color": {
          "optional": true
        }
      }
    },
    "node_modules/ms": {
      "version": "2.1.2",
      "resolved": "https://registry.npmjs.org/ms/-/ms-2.1.2.tgz",
      "integrity": "sha512-sGkPx+VjMtmA6MX27oA4FBFELFCZZ4S4XqeGOXCv68tT+jb3vk/RyaKWP0PTKyWtmLSM0b+adUTEvbs1PEaH2w=="
    },
    "node_modules/node-addon-api": {
      "version": "5.0.0",
      "resolved": "https://registry.npmjs.org/node-addon-api/-/node-addon-api-5.0.0.tgz",
      "integrity": "sha512-CvkDw2OEnme7ybCykJpVcKH+uAOLV2qLqiyla128dN9TkEWfrYmxG6C2boDe5KcNQqZF3orkqzGgOMvZ/JNekA=="
    },
    "node_modules/node-gyp-build": {
      "version": "4.3.0",
      "resolved": "https://registry.npmjs.org/node-gyp-build/-/node-gyp-build-4.3.0.tgz",
      "integrity": "sha512-iWjXZvmboq0ja1pUGULQBexmxq8CV4xBhX7VDOTbL7ZR4FOowwY/VOtRxBN/yKxmdGoIp4j5ysNT4u3S2pDQ3Q==",
      "bin": {
        "node-gyp-build": "bin.js",
        "node-gyp-build-optional": "optional.js",
        "node-gyp-build-test": "build-test.js"
      }
    },
    "node_modules/typescript": {
      "version": "4.6.2",
      "resolved": "https://registry.npmjs.org/typescript/-/typescript-4.6.2.tgz",
      "integrity": "sha512-HM/hFigTBHZhLXshn9sN37H085+hQGeJHJ/X7LpBWLID/fbc2acUMfU+lGD98X81sKP+pFa9f0DZmCwB9GnbAg==",
      "dev": true,
      "bin": {
        "tsc": "bin/tsc",
        "tsserver": "bin/tsserver"
      },
      "engines": {
        "node": ">=4.2.0"
      }
    }
  },
  "dependencies": {
    "@serialport/binding-mock": {
      "version": "10.2.2",
      "resolved": "https://registry.npmjs.org/@serialport/binding-mock/-/binding-mock-10.2.2.tgz",
      "integrity": "sha512-HAFzGhk9OuFMpuor7aT5G1ChPgn5qSsklTFOTUX72Rl6p0xwcSVsRtG/xaGp6bxpN7fI9D/S8THLBWbBgS6ldw==",
      "requires": {
        "@serialport/bindings-interface": "^1.2.1",
        "debug": "^4.3.3"
      }
    },
    "@serialport/bindings-cpp": {
      "version": "10.8.0",
      "resolved": "https://registry.npmjs.org/@serialport/bindings-cpp/-/bindings-cpp-10.8.0.tgz",
      "integrity": "sha512-OMQNJz5kJblbmZN5UgJXLwi2XNtVLxSKmq5VyWuXQVsUIJD4l9UGHnLPqM5LD9u3HPZgDI5w7iYN7gxkQNZJUw==",
      "requires": {
        "@serialport/bindings-interface": "1.2.2",
        "@serialport/parser-readline": "^10.2.1",
        "debug": "^4.3.2",
        "node-addon-api": "^5.0.0",
        "node-gyp-build": "^4.3.0"
      }
    },
    "@serialport/bindings-interface": {
      "version": "1.2.2",
      "resolved": "https://registry.npmjs.org/@serialport/bindings-interface/-/bindings-interface-1.2.2.tgz",
      "integrity": "sha512-CJaUd5bLvtM9c5dmO9rPBHPXTa9R2UwpkJ0wdh9JCYcbrPWsKz+ErvR0hBLeo7NPeiFdjFO4sonRljiw4d2XiA=="
    },
    "@serialport/parser-byte-length": {
      "version": "10.5.0",
      "resolved": "https://registry.npmjs.org/@serialport/parser-byte-length/-/parser-byte-length-10.5.0.tgz",
      "integrity": "sha512-eHhr4lHKboq1OagyaXAqkemQ1XyoqbLQC8XJbvccm95o476TmEdW5d7AElwZV28kWprPW68ZXdGF2VXCkJgS2w=="
    },
    "@serialport/parser-cctalk": {
      "version": "10.5.0",
      "resolved": "https://registry.npmjs.org/@serialport/parser-cctalk/-/parser-cctalk-10.5.0.tgz",
      "integrity": "sha512-Iwsdr03xmCKAiibLSr7b3w6ZUTBNiS+PwbDQXdKU/clutXjuoex83XvsOtYVcNZmwJlVNhAUbkG+FJzWwIa4DA=="
    },
    "@serialport/parser-delimiter": {
      "version": "10.5.0",
      "resolved": "https://registry.npmjs.org/@serialport/parser-delimiter/-/parser-delimiter-10.5.0.tgz",
      "integrity": "sha512-/uR/yT3jmrcwnl2FJU/2ySvwgo5+XpksDUR4NF/nwTS5i3CcuKS+FKi/tLzy1k8F+rCx5JzpiK+koqPqOUWArA=="
    },
    "@serialport/parser-inter-byte-timeout": {
      "version": "10.5.0",
      "resolved": "https://registry.npmjs.org/@serialport/parser-inter-byte-timeout/-/parser-inter-byte-timeout-10.5.0.tgz",
      "integrity": "sha512-WPvVlSx98HmmUF9jjK6y9mMp3Wnv6JQA0cUxLeZBgS74TibOuYG3fuUxUWGJALgAXotOYMxfXSezJ/vSnQrkhQ=="
    },
    "@serialport/parser-packet-length": {
      "version": "10.5.0",
      "resolved": "https://registry.npmjs.org/@serialport/parser-packet-length/-/parser-packet-length-10.5.0.tgz",
      "integrity": "sha512-jkpC/8w4/gUBRa2Teyn7URv1D7T//0lGj27/4u9AojpDVXsR6dtdcTG7b7dNirXDlOrSLvvN7aS5/GNaRlEByw=="
    },
    "@serialport/parser-readline": {
      "version": "10.5.0",
      "resolved": "https://registry.npmjs.org/@serialport/parser-readline/-/parser-readline-10.5.0.tgz",
      "integrity": "sha512-0aXJknodcl94W9zSjvU+sLdXiyEG2rqjQmvBWZCr8wJZjWEtv3RgrnYiWq4i2OTOyC8C/oPK8ZjpBjQptRsoJQ==",
      "requires": {
        "@serialport/parser-delimiter": "10.5.0"
      }
    },
    "@serialport/parser-ready": {
      "version": "10.5.0",
      "resolved": "https://registry.npmjs.org/@serialport/parser-ready/-/parser-ready-10.5.0.tgz",
      "integrity": "sha512-QIf65LTvUoxqWWHBpgYOL+soldLIIyD1bwuWelukem2yDZVWwEjR288cLQ558BgYxH4U+jLAQahhqoyN1I7BaA=="
    },
    "@serialport/parser-regex": {
      "version": "10.5.0",
      "resolved": "https://registry.npmjs.org/@serialport/parser-regex/-/parser-regex-10.5.0.tgz",
      "integrity": "sha512-9jnr9+PCxRoLjtGs7uxwsFqvho+rxuJlW6ZWSB7oqfzshEZWXtTJgJRgac/RuLft4hRlrmRz5XU40i3uoL4HKw=="
    },
    "@serialport/parser-slip-encoder": {
      "version": "10.5.0",
      "resolved": "https://registry.npmjs.org/@serialport/parser-slip-encoder/-/parser-slip-encoder-10.5.0.tgz",
      "integrity": "sha512-wP8m+uXQdkWSa//3n+VvfjLthlabwd9NiG6kegf0fYweLWio8j4pJRL7t9eTh2Lbc7zdxuO0r8ducFzO0m8CQw=="
    },
    "@serialport/parser-spacepacket": {
      "version": "10.5.0",
      "resolved": "https://registry.npmjs.org/@serialport/parser-spacepacket/-/parser-spacepacket-10.5.0.tgz",
      "integrity": "sha512-BEZ/HAEMwOd8xfuJSeI/823IR/jtnThovh7ils90rXD4DPL1ZmrP4abAIEktwe42RobZjIPfA4PaVfyO0Fjfhg=="
    },
    "@serialport/stream": {
      "version": "10.5.0",
      "resolved": "https://registry.npmjs.org/@serialport/stream/-/stream-10.5.0.tgz",
      "integrity": "sha512-gbcUdvq9Kyv2HsnywS7QjnEB28g+6OGB5Z8TLP7X+UPpoMIWoUsoQIq5Kt0ZTgMoWn3JGM2lqwTsSHF+1qhniA==",
      "requires": {
        "@serialport/bindings-interface": "1.2.2",
        "debug": "^4.3.2"
      }
    },
    "debug": {
      "version": "4.3.4",
      "resolved": "https://registry.npmjs.org/debug/-/debug-4.3.4.tgz",
      "integrity": "sha512-PRWFHuSU3eDtQJPvnNY7Jcket1j0t5OuOsFzPPzsekD52Zl8qUfFIPEiswXqIvHWGVHOgX+7G/vCNNhehwxfkQ==",
      "requires": {
        "ms": "2.1.2"
      }
    },
    "ms": {
      "version": "2.1.2",
      "resolved": "https://registry.npmjs.org/ms/-/ms-2.1.2.tgz",
      "integrity": "sha512-sGkPx+VjMtmA6MX27oA4FBFELFCZZ4S4XqeGOXCv68tT+jb3vk/RyaKWP0PTKyWtmLSM0b+adUTEvbs1PEaH2w=="
    },
    "node-addon-api": {
      "version": "5.0.0",
      "resolved": "https://registry.npmjs.org/node-addon-api/-/node-addon-api-5.0.0.tgz",
      "integrity": "sha512-CvkDw2OEnme7ybCykJpVcKH+uAOLV2qLqiyla128dN9TkEWfrYmxG6C2boDe5KcNQqZF3orkqzGgOMvZ/JNekA=="
    },
    "node-gyp-build": {
      "version": "4.3.0",
      "resolved": "https://registry.npmjs.org/node-gyp-build/-/node-gyp-build-4.3.0.tgz",
      "integrity": "sha512-iWjXZvmboq0ja1pUGULQBexmxq8CV4xBhX7VDOTbL7ZR4FOowwY/VOtRxBN/yKxmdGoIp4j5ysNT4u3S2pDQ3Q=="
    },
    "typescript": {
      "version": "4.6.2",
      "resolved": "https://registry.npmjs.org/typescript/-/typescript-4.6.2.tgz",
      "integrity": "sha512-HM/hFigTBHZhLXshn9sN37H085+hQGeJHJ/X7LpBWLID/fbc2acUMfU+lGD98X81sKP+pFa9f0DZmCwB9GnbAg==",
      "dev": true
    }
  }
}
