{
	"name": "serialport",
	"version": "10.1.0",
	"lockfileVersion": 2,
	"requires": true,
	"packages": {
		"": {
			"name": "serialport",
			"version": "10.1.0",
			"license": "MIT",
			"dependencies": {
				"@serialport/bindings-cpp": "^10.5.2",
				"debug": "^4.3.2"
			},
			"devDependencies": {
				"typescript": "^4.5.5"
			},
			"engines": {
				"node": ">=12.0.0"
			},
			"funding": {
				"url": "https://opencollective.com/serialport/donate"
			}
		},
		"node_modules/@serialport/bindings-cpp": {
			"version": "10.5.2",
			"resolved": "https://registry.npmjs.org/@serialport/bindings-cpp/-/bindings-cpp-10.5.2.tgz",
			"integrity": "sha512-HYSzTtCzvPSoUw6WhFQmXO/KQCVta+NBHf2Z1+ltP/rFkFAcCfvjcvb7YyMjc2fmTgLExhl3fccIOvhIJwH2yQ==",
			"hasInstallScript": true,
			"dependencies": {
				"@serialport/bindings-interface": "1.1.0",
				"@serialport/parser-readline": "10.0.1",
				"debug": "^4.3.2",
				"node-addon-api": "^4.3.0",
				"node-gyp-build": "^4.3.0"
			},
			"engines": {
				"node": ">=12.17.0 <13.0 || >=14.0.0"
			},
			"funding": {
				"url": "https://opencollective.com/serialport/donate"
			}
		},
		"node_modules/@serialport/bindings-interface": {
			"version": "1.1.0",
			"resolved": "https://registry.npmjs.org/@serialport/bindings-interface/-/bindings-interface-1.1.0.tgz",
			"integrity": "sha512-fIihHyQfA27KHGZg8RslOic53JdU8Xh3e8XHfkSvC1Uq86F6Rk67tfBLbOI4Suh9D1QuSTrLqEozxJAS25dPOQ==",
			"engines": {
				"node": "^12.22 || ^14.13 || >=16"
			}
		},
		"node_modules/@serialport/parser-delimiter": {
			"version": "10.0.1",
			"resolved": "https://registry.npmjs.org/@serialport/parser-delimiter/-/parser-delimiter-10.0.1.tgz",
			"integrity": "sha512-B0c6dm9UCpRU/LhkvRFL3OSbs69VqWU7mjW7tM109JDNS+vw8uJPumXz8Giub6D0xl90J7euH6tBTqERk7048Q==",
			"engines": {
				"node": ">=12.0.0"
			},
			"funding": {
				"url": "https://opencollective.com/serialport/donate"
			}
		},
		"node_modules/@serialport/parser-readline": {
			"version": "10.0.1",
			"resolved": "https://registry.npmjs.org/@serialport/parser-readline/-/parser-readline-10.0.1.tgz",
			"integrity": "sha512-jdKPNka/Nn17k89T5UIyis39EaZHQCmq+83s0icBt2iPBlX8+BrJAUBe8myFpuT22qskTVNzFoTMPOp8pjK/yw==",
			"dependencies": {
				"@serialport/parser-delimiter": "10.0.1"
			},
			"engines": {
				"node": ">=12.0.0"
			},
			"funding": {
				"url": "https://opencollective.com/serialport/donate"
			}
		},
		"node_modules/debug": {
			"version": "4.3.3",
			"resolved": "https://registry.npmjs.org/debug/-/debug-4.3.3.tgz",
			"integrity": "sha512-/zxw5+vh1Tfv+4Qn7a5nsbcJKPaSvCDhojn6FEl9vupwK2VCSDtEiEtqr8DFtzYFOdz63LBkxec7DYuc2jon6Q==",
			"dependencies": {
				"ms": "2.1.2"
			},
			"engines": {
				"node": ">=6.0"
			},
			"peerDependenciesMeta": {
				"supports-color": {
					"optional": true
				}
			}
		},
		"node_modules/ms": {
			"version": "2.1.2",
			"resolved": "https://registry.npmjs.org/ms/-/ms-2.1.2.tgz",
			"integrity": "sha512-sGkPx+VjMtmA6MX27oA4FBFELFCZZ4S4XqeGOXCv68tT+jb3vk/RyaKWP0PTKyWtmLSM0b+adUTEvbs1PEaH2w=="
		},
		"node_modules/node-addon-api": {
			"version": "4.3.0",
			"resolved": "https://registry.npmjs.org/node-addon-api/-/node-addon-api-4.3.0.tgz",
			"integrity": "sha512-73sE9+3UaLYYFmDsFZnqCInzPyh3MqIwZO9cw58yIqAZhONrrabrYyYe3TuIqtIiOuTXVhsGau8hcrhhwSsDIQ=="
		},
		"node_modules/node-gyp-build": {
			"version": "4.3.0",
			"resolved": "https://registry.npmjs.org/node-gyp-build/-/node-gyp-build-4.3.0.tgz",
			"integrity": "sha512-iWjXZvmboq0ja1pUGULQBexmxq8CV4xBhX7VDOTbL7ZR4FOowwY/VOtRxBN/yKxmdGoIp4j5ysNT4u3S2pDQ3Q==",
			"bin": {
				"node-gyp-build": "bin.js",
				"node-gyp-build-optional": "optional.js",
				"node-gyp-build-test": "build-test.js"
			}
		},
		"node_modules/typescript": {
			"version": "4.5.5",
			"resolved": "https://registry.npmjs.org/typescript/-/typescript-4.5.5.tgz",
			"integrity": "sha512-TCTIul70LyWe6IJWT8QSYeA54WQe8EjQFU4wY52Fasj5UKx88LNYKCgBEHcOMOrFF1rKGbD8v/xcNWVUq9SymA==",
			"dev": true,
			"bin": {
				"tsc": "bin/tsc",
				"tsserver": "bin/tsserver"
			},
			"engines": {
				"node": ">=4.2.0"
			}
		}
	},
	"dependencies": {
		"@serialport/bindings-cpp": {
			"version": "10.5.2",
			"resolved": "https://registry.npmjs.org/@serialport/bindings-cpp/-/bindings-cpp-10.5.2.tgz",
			"integrity": "sha512-HYSzTtCzvPSoUw6WhFQmXO/KQCVta+NBHf2Z1+ltP/rFkFAcCfvjcvb7YyMjc2fmTgLExhl3fccIOvhIJwH2yQ==",
			"requires": {
				"@serialport/bindings-interface": "1.1.0",
				"@serialport/parser-readline": "10.0.1",
				"debug": "^4.3.2",
				"node-addon-api": "^4.3.0",
				"node-gyp-build": "^4.3.0"
			}
		},
		"@serialport/bindings-interface": {
			"version": "1.1.0",
			"resolved": "https://registry.npmjs.org/@serialport/bindings-interface/-/bindings-interface-1.1.0.tgz",
			"integrity": "sha512-fIihHyQfA27KHGZg8RslOic53JdU8Xh3e8XHfkSvC1Uq86F6Rk67tfBLbOI4Suh9D1QuSTrLqEozxJAS25dPOQ=="
		},
		"@serialport/parser-delimiter": {
			"version": "10.0.1",
			"resolved": "https://registry.npmjs.org/@serialport/parser-delimiter/-/parser-delimiter-10.0.1.tgz",
			"integrity": "sha512-B0c6dm9UCpRU/LhkvRFL3OSbs69VqWU7mjW7tM109JDNS+vw8uJPumXz8Giub6D0xl90J7euH6tBTqERk7048Q=="
		},
		"@serialport/parser-readline": {
			"version": "10.0.1",
			"resolved": "https://registry.npmjs.org/@serialport/parser-readline/-/parser-readline-10.0.1.tgz",
			"integrity": "sha512-jdKPNka/Nn17k89T5UIyis39EaZHQCmq+83s0icBt2iPBlX8+BrJAUBe8myFpuT22qskTVNzFoTMPOp8pjK/yw==",
			"requires": {
				"@serialport/parser-delimiter": "10.0.1"
			}
		},
		"debug": {
			"version": "4.3.3",
			"resolved": "https://registry.npmjs.org/debug/-/debug-4.3.3.tgz",
			"integrity": "sha512-/zxw5+vh1Tfv+4Qn7a5nsbcJKPaSvCDhojn6FEl9vupwK2VCSDtEiEtqr8DFtzYFOdz63LBkxec7DYuc2jon6Q==",
			"requires": {
				"ms": "2.1.2"
			}
		},
		"ms": {
			"version": "2.1.2",
			"resolved": "https://registry.npmjs.org/ms/-/ms-2.1.2.tgz",
			"integrity": "sha512-sGkPx+VjMtmA6MX27oA4FBFELFCZZ4S4XqeGOXCv68tT+jb3vk/RyaKWP0PTKyWtmLSM0b+adUTEvbs1PEaH2w=="
		},
		"node-addon-api": {
			"version": "4.3.0",
			"resolved": "https://registry.npmjs.org/node-addon-api/-/node-addon-api-4.3.0.tgz",
			"integrity": "sha512-73sE9+3UaLYYFmDsFZnqCInzPyh3MqIwZO9cw58yIqAZhONrrabrYyYe3TuIqtIiOuTXVhsGau8hcrhhwSsDIQ=="
		},
		"node-gyp-build": {
			"version": "4.3.0",
			"resolved": "https://registry.npmjs.org/node-gyp-build/-/node-gyp-build-4.3.0.tgz",
			"integrity": "sha512-iWjXZvmboq0ja1pUGULQBexmxq8CV4xBhX7VDOTbL7ZR4FOowwY/VOtRxBN/yKxmdGoIp4j5ysNT4u3S2pDQ3Q=="
		},
		"typescript": {
			"version": "4.5.5",
			"resolved": "https://registry.npmjs.org/typescript/-/typescript-4.5.5.tgz",
			"integrity": "sha512-TCTIul70LyWe6IJWT8QSYeA54WQe8EjQFU4wY52Fasj5UKx88LNYKCgBEHcOMOrFF1rKGbD8v/xcNWVUq9SymA==",
			"dev": true
		}
	}
}
