{
	"name": "@serialport/parser-readline",
	"version": "10.2.2",
	"lockfileVersion": 2,
	"requires": true,
	"packages": {
		"": {
			"name": "@serialport/parser-readline",
			"version": "10.2.1",
			"license": "MIT",
			"devDependencies": {
				"typescript": "^4.5.5"
			},
			"engines": {
				"node": ">=12.0.0"
			},
			"funding": {
				"url": "https://opencollective.com/serialport/donate"
			}
		},
		"node_modules/typescript": {
			"version": "4.5.5",
			"resolved": "https://registry.npmjs.org/typescript/-/typescript-4.5.5.tgz",
			"integrity": "sha512-TCTIul70LyWe6IJWT8QSYeA54WQe8EjQFU4wY52Fasj5UKx88LNYKCgBEHcOMOrFF1rKGbD8v/xcNWVUq9SymA==",
			"dev": true,
			"bin": {
				"tsc": "bin/tsc",
				"tsserver": "bin/tsserver"
			},
			"engines": {
				"node": ">=4.2.0"
			}
		}
	},
	"dependencies": {
		"typescript": {
			"version": "4.5.5",
			"resolved": "https://registry.npmjs.org/typescript/-/typescript-4.5.5.tgz",
			"integrity": "sha512-TCTIul70LyWe6IJWT8QSYeA54WQe8EjQFU4wY52Fasj5UKx88LNYKCgBEHcOMOrFF1rKGbD8v/xcNWVUq9SymA==",
			"dev": true
		}
	}
}
