{
  "name": "@serialport/parser-readline",
  "version": "9.0.7",
  "lockfileVersion": 2,
  "requires": true,
  "packages": {
    "": {
      "name": "@serialport/parser-readline",
      "version": "9.0.1",
      "license": "MIT",
      "dependencies": {
        "@serialport/parser-delimiter": "^9.0.1"
      },
      "engines": {
        "node": ">=8.6.0"
      }
    },
    "node_modules/@serialport/parser-delimiter": {
      "version": "9.0.1",
      "resolved": "https://registry.npmjs.org/@serialport/parser-delimiter/-/parser-delimiter-9.0.1.tgz",
      "integrity": "sha512-+oaSl5zEu47OlrRiF5p5tn2qgGqYuhVcE+NI+Pv4E1xsNB/A0fFxxMv/8XUw466CRLEJ5IESIB9qbFvKE6ltaQ==",
      "engines": {
        "node": ">=8.6.0"
      }
    }
  },
  "dependencies": {
    "@serialport/parser-delimiter": {
      "version": "9.0.1",
      "resolved": "https://registry.npmjs.org/@serialport/parser-delimiter/-/parser-delimiter-9.0.1.tgz",
      "integrity": "sha512-+oaSl5zEu47OlrRiF5p5tn2qgGqYuhVcE+NI+Pv4E1xsNB/A0fFxxMv/8XUw466CRLEJ5IESIB9qbFvKE6ltaQ=="
    }
  }
}
