{
	"name": "@serialport/stream",
	"version": "10.3.0",
	"lockfileVersion": 2,
	"requires": true,
	"packages": {
		"": {
			"name": "@serialport/stream",
			"version": "10.3.0",
			"license": "MIT",
			"dependencies": {
				"@serialport/bindings-interface": "1.2.1",
				"debug": "^4.3.2"
			},
			"devDependencies": {
				"@serialport/binding-mock": "10.2.2",
				"typescript": "4.6.2"
			},
			"engines": {
				"node": ">=12.0.0"
			},
			"funding": {
				"url": "https://opencollective.com/serialport/donate"
			}
		},
		"node_modules/@serialport/binding-mock": {
			"version": "10.2.2",
			"resolved": "https://registry.npmjs.org/@serialport/binding-mock/-/binding-mock-10.2.2.tgz",
			"integrity": "sha512-HAFzGhk9OuFMpuor7aT5G1ChPgn5qSsklTFOTUX72Rl6p0xwcSVsRtG/xaGp6bxpN7fI9D/S8THLBWbBgS6ldw==",
			"dev": true,
			"dependencies": {
				"@serialport/bindings-interface": "^1.2.1",
				"debug": "^4.3.3"
			},
			"engines": {
				"node": ">=12.0.0"
			}
		},
		"node_modules/@serialport/bindings-interface": {
			"version": "1.2.1",
			"resolved": "https://registry.npmjs.org/@serialport/bindings-interface/-/bindings-interface-1.2.1.tgz",
			"integrity": "sha512-63Dyqz2gtryRDDckFusOYqLYhR3Hq/M4sEdbF9i/VsvDb6T+tNVgoAKUZ+FMrXXKnCSu+hYbk+MTc0XQANszxw==",
			"engines": {
				"node": "^12.22 || ^14.13 || >=16"
			}
		},
		"node_modules/debug": {
			"version": "4.3.3",
			"resolved": "https://registry.npmjs.org/debug/-/debug-4.3.3.tgz",
			"integrity": "sha512-/zxw5+vh1Tfv+4Qn7a5nsbcJKPaSvCDhojn6FEl9vupwK2VCSDtEiEtqr8DFtzYFOdz63LBkxec7DYuc2jon6Q==",
			"dependencies": {
				"ms": "2.1.2"
			},
			"engines": {
				"node": ">=6.0"
			},
			"peerDependenciesMeta": {
				"supports-color": {
					"optional": true
				}
			}
		},
		"node_modules/ms": {
			"version": "2.1.2",
			"resolved": "https://registry.npmjs.org/ms/-/ms-2.1.2.tgz",
			"integrity": "sha512-sGkPx+VjMtmA6MX27oA4FBFELFCZZ4S4XqeGOXCv68tT+jb3vk/RyaKWP0PTKyWtmLSM0b+adUTEvbs1PEaH2w=="
		},
		"node_modules/typescript": {
			"version": "4.6.2",
			"resolved": "https://registry.npmjs.org/typescript/-/typescript-4.6.2.tgz",
			"integrity": "sha512-HM/hFigTBHZhLXshn9sN37H085+hQGeJHJ/X7LpBWLID/fbc2acUMfU+lGD98X81sKP+pFa9f0DZmCwB9GnbAg==",
			"dev": true,
			"bin": {
				"tsc": "bin/tsc",
				"tsserver": "bin/tsserver"
			},
			"engines": {
				"node": ">=4.2.0"
			}
		}
	},
	"dependencies": {
		"@serialport/binding-mock": {
			"version": "10.2.2",
			"resolved": "https://registry.npmjs.org/@serialport/binding-mock/-/binding-mock-10.2.2.tgz",
			"integrity": "sha512-HAFzGhk9OuFMpuor7aT5G1ChPgn5qSsklTFOTUX72Rl6p0xwcSVsRtG/xaGp6bxpN7fI9D/S8THLBWbBgS6ldw==",
			"dev": true,
			"requires": {
				"@serialport/bindings-interface": "^1.2.1",
				"debug": "^4.3.3"
			}
		},
		"@serialport/bindings-interface": {
			"version": "1.2.1",
			"resolved": "https://registry.npmjs.org/@serialport/bindings-interface/-/bindings-interface-1.2.1.tgz",
			"integrity": "sha512-63Dyqz2gtryRDDckFusOYqLYhR3Hq/M4sEdbF9i/VsvDb6T+tNVgoAKUZ+FMrXXKnCSu+hYbk+MTc0XQANszxw=="
		},
		"debug": {
			"version": "4.3.3",
			"resolved": "https://registry.npmjs.org/debug/-/debug-4.3.3.tgz",
			"integrity": "sha512-/zxw5+vh1Tfv+4Qn7a5nsbcJKPaSvCDhojn6FEl9vupwK2VCSDtEiEtqr8DFtzYFOdz63LBkxec7DYuc2jon6Q==",
			"requires": {
				"ms": "2.1.2"
			}
		},
		"ms": {
			"version": "2.1.2",
			"resolved": "https://registry.npmjs.org/ms/-/ms-2.1.2.tgz",
			"integrity": "sha512-sGkPx+VjMtmA6MX27oA4FBFELFCZZ4S4XqeGOXCv68tT+jb3vk/RyaKWP0PTKyWtmLSM0b+adUTEvbs1PEaH2w=="
		},
		"typescript": {
			"version": "4.6.2",
			"resolved": "https://registry.npmjs.org/typescript/-/typescript-4.6.2.tgz",
			"integrity": "sha512-HM/hFigTBHZhLXshn9sN37H085+hQGeJHJ/X7LpBWLID/fbc2acUMfU+lGD98X81sKP+pFa9f0DZmCwB9GnbAg==",
			"dev": true
		}
	}
}
