{
  "name": "@serialport/stream",
  "version": "10.0.2",
  "lockfileVersion": 1,
  "requires": true,
  "dependencies": {
    "@serialport/binding-abstract": {
      "version": "10.0.1",
      "resolved": "https://registry.npmjs.org/@serialport/binding-abstract/-/binding-abstract-10.0.1.tgz",
      "integrity": "sha512-FWD/uNrz8V3kaTILQTK05Z1LB/LZin8XZelmX/wd1NNlRFAj6V64MIESWhwUy3iPnL1QriFR1k7URHHx3RRgfg==",
      "dev": true,
      "requires": {
        "debug": "^4.3.2"
      }
    },
    "@serialport/binding-mock": {
      "version": "10.0.1",
      "resolved": "https://registry.npmjs.org/@serialport/binding-mock/-/binding-mock-10.0.1.tgz",
      "integrity": "sha512-cU+UtCaQI1ZOWzIa4uT7Z0ymgAyQMSwEBF/BM87LtQ9QFjLwCgmuouy3vcsryWNEN3Lg0GwhQzl9ZuDw4bs/qw==",
      "dev": true,
      "requires": {
        "@serialport/binding-abstract": "10.0.1",
        "debug": "^4.3.2"
      }
    },
    "debug": {
      "version": "4.3.3",
      "resolved": "https://registry.npmjs.org/debug/-/debug-4.3.3.tgz",
      "integrity": "sha512-/zxw5+vh1Tfv+4Qn7a5nsbcJKPaSvCDhojn6FEl9vupwK2VCSDtEiEtqr8DFtzYFOdz63LBkxec7DYuc2jon6Q==",
      "requires": {
        "ms": "2.1.2"
      }
    },
    "ms": {
      "version": "2.1.2",
      "resolved": "https://registry.npmjs.org/ms/-/ms-2.1.2.tgz",
      "integrity": "sha512-sGkPx+VjMtmA6MX27oA4FBFELFCZZ4S4XqeGOXCv68tT+jb3vk/RyaKWP0PTKyWtmLSM0b+adUTEvbs1PEaH2w=="
    }
  }
}
