{
  "name": "@serialport/repl",
  "version": "11.0.1",
  "lockfileVersion": 2,
  "requires": true,
  "packages": {
    "": {
      "name": "@serialport/repl",
      "version": "11.0.1",
      "license": "MIT",
      "dependencies": {
        "promirepl": "^2.0.1"
      },
      "bin": {
        "serialport-repl": "dist/index.js"
      },
      "devDependencies": {
        "typescript": "5.1.6"
      },
      "engines": {
        "node": ">=12.0.0"
      },
      "funding": {
        "url": "https://opencollective.com/serialport/donate"
      }
    },
    "node_modules/promirepl": {
      "version": "2.0.1",
      "resolved": "https://registry.npmjs.org/promirepl/-/promirepl-2.0.1.tgz",
      "integrity": "sha512-CUYuyU858eJ4OuQLKhJTE1Mijb1zxuAOnmVSYysau1k58zxT9qf0bJb/3QYrYadzmyuLn4EB82Oki+uHmWqC0w==",
      "bin": {
        "prominode": "bin/prominode.js"
      },
      "engines": {
        "node": "^8"
      }
    },
    "node_modules/typescript": {
      "version": "5.1.6",
      "resolved": "https://registry.npmjs.org/typescript/-/typescript-5.1.6.tgz",
      "integrity": "sha512-zaWCozRZ6DLEWAWFrVDz1H6FVXzUSfTy5FUMWsQlU8Ym5JP9eO4xkTIROFCQvhQf61z6O/G6ugw3SgAnvvm+HA==",
      "dev": true,
      "bin": {
        "tsc": "bin/tsc",
        "tsserver": "bin/tsserver"
      },
      "engines": {
        "node": ">=14.17"
      }
    }
  },
  "dependencies": {
    "promirepl": {
      "version": "2.0.1",
      "resolved": "https://registry.npmjs.org/promirepl/-/promirepl-2.0.1.tgz",
      "integrity": "sha512-CUYuyU858eJ4OuQLKhJTE1Mijb1zxuAOnmVSYysau1k58zxT9qf0bJb/3QYrYadzmyuLn4EB82Oki+uHmWqC0w=="
    },
    "typescript": {
      "version": "5.1.6",
      "resolved": "https://registry.npmjs.org/typescript/-/typescript-5.1.6.tgz",
      "integrity": "sha512-zaWCozRZ6DLEWAWFrVDz1H6FVXzUSfTy5FUMWsQlU8Ym5JP9eO4xkTIROFCQvhQf61z6O/G6ugw3SgAnvvm+HA==",
      "dev": true
    }
  }
}
