{
  "name": "@serialport/repl",
  "version": "10.1.0",
  "lockfileVersion": 2,
  "requires": true,
  "packages": {
    "": {
      "name": "@serialport/repl",
      "version": "10.1.0",
      "license": "MIT",
      "dependencies": {
        "promirepl": "^2.0.1",
        "serialport": "10.1.0"
      },
      "bin": {
        "serialport-repl": "lib/index.js"
      },
      "devDependencies": {
        "typescript": "^4.5.5"
      },
      "engines": {
        "node": ">=12.0.0"
      },
      "funding": {
        "url": "https://opencollective.com/serialport/donate"
      }
    },
    "node_modules/@serialport/binding-abstract": {
      "version": "10.1.0",
      "resolved": "https://registry.npmjs.org/@serialport/binding-abstract/-/binding-abstract-10.1.0.tgz",
      "integrity": "sha512-P2KUIa6LTX0GKRzgwcEqO7kIG7yI66GuxV1hBv/Lq1rE+fxGj0SXzX2YlRm1vCubFU/102wK0TT2i+oPf2bALQ==",
      "dependencies": {
        "debug": "^4.3.2"
      },
      "engines": {
        "node": ">=12.0.0"
      },
      "funding": {
        "url": "https://opencollective.com/serialport/donate"
      }
    },
    "node_modules/@serialport/binding-mock": {
      "version": "10.1.0",
      "resolved": "https://registry.npmjs.org/@serialport/binding-mock/-/binding-mock-10.1.0.tgz",
      "integrity": "sha512-NPj1fGDkUJbSElBnU0mVi2Hw45cXh4Za6gfU3C854JmhdvpGzehiDjOYm8iJB3bCQZMs3wzaYLdE8o8/wAUSEw==",
      "dependencies": {
        "@serialport/binding-abstract": "10.1.0",
        "debug": "^4.3.2"
      },
      "engines": {
        "node": ">=12.0.0"
      },
      "funding": {
        "url": "https://opencollective.com/serialport/donate"
      }
    },
    "node_modules/@serialport/bindings-cpp": {
      "version": "10.4.0",
      "resolved": "https://registry.npmjs.org/@serialport/bindings-cpp/-/bindings-cpp-10.4.0.tgz",
      "integrity": "sha512-vV5fadfzovV2iZ9xWjlQOdjEL0U0y5ewjdplx1DG5ox+/Q2Mmi8WEbcoKww6AgouU5qLirQGfYDmcWPlcGMdMw==",
      "hasInstallScript": true,
      "dependencies": {
        "@serialport/binding-abstract": "10.0.1",
        "@serialport/parser-readline": "10.0.1",
        "debug": "^4.3.2",
        "node-addon-api": "^4.3.0",
        "node-gyp-build": "^4.3.0"
      },
      "engines": {
        "node": ">=12.17.0 <13.0 || >=14.0.0"
      },
      "funding": {
        "url": "https://opencollective.com/serialport/donate"
      }
    },
    "node_modules/@serialport/bindings-cpp/node_modules/@serialport/binding-abstract": {
      "version": "10.0.1",
      "resolved": "https://registry.npmjs.org/@serialport/binding-abstract/-/binding-abstract-10.0.1.tgz",
      "integrity": "sha512-FWD/uNrz8V3kaTILQTK05Z1LB/LZin8XZelmX/wd1NNlRFAj6V64MIESWhwUy3iPnL1QriFR1k7URHHx3RRgfg==",
      "dependencies": {
        "debug": "^4.3.2"
      },
      "engines": {
        "node": ">=12.0.0"
      },
      "funding": {
        "url": "https://opencollective.com/serialport/donate"
      }
    },
    "node_modules/@serialport/parser-byte-length": {
      "version": "10.0.1",
      "resolved": "https://registry.npmjs.org/@serialport/parser-byte-length/-/parser-byte-length-10.0.1.tgz",
      "integrity": "sha512-uOQa0KEGT7IIGSWCN53NE5ZYaWoeeGLDCSX+ssDadyQxy47hMHuP/JotdWqHg7lDwxUHe0tDl4SOEeEnDx1l6A==",
      "engines": {
        "node": ">=12.0.0"
      },
      "funding": {
        "url": "https://opencollective.com/serialport/donate"
      }
    },
    "node_modules/@serialport/parser-cctalk": {
      "version": "10.0.1",
      "resolved": "https://registry.npmjs.org/@serialport/parser-cctalk/-/parser-cctalk-10.0.1.tgz",
      "integrity": "sha512-boVr8akjX/7iCtMHeFT16ek4m0/oV9YA6A2mstVCpKle2op42qByx3jY5RzQ52c13oQvq1E6tG0lWJrzdTK+Yw==",
      "engines": {
        "node": ">=12.0.0"
      },
      "funding": {
        "url": "https://opencollective.com/serialport/donate"
      }
    },
    "node_modules/@serialport/parser-delimiter": {
      "version": "10.0.1",
      "resolved": "https://registry.npmjs.org/@serialport/parser-delimiter/-/parser-delimiter-10.0.1.tgz",
      "integrity": "sha512-B0c6dm9UCpRU/LhkvRFL3OSbs69VqWU7mjW7tM109JDNS+vw8uJPumXz8Giub6D0xl90J7euH6tBTqERk7048Q==",
      "engines": {
        "node": ">=12.0.0"
      },
      "funding": {
        "url": "https://opencollective.com/serialport/donate"
      }
    },
    "node_modules/@serialport/parser-inter-byte-timeout": {
      "version": "10.0.1",
      "resolved": "https://registry.npmjs.org/@serialport/parser-inter-byte-timeout/-/parser-inter-byte-timeout-10.0.1.tgz",
      "integrity": "sha512-awX0bekMZkjb+kjBHsnizAXNfc/grxIqEKdy9Etc6KhgSmratRnjGa7J0rPFP4bTzYWp5sOqlI0ALwBnWCXedA==",
      "engines": {
        "node": ">=12.0.0"
      },
      "funding": {
        "url": "https://opencollective.com/serialport/donate"
      }
    },
    "node_modules/@serialport/parser-readline": {
      "version": "10.0.1",
      "resolved": "https://registry.npmjs.org/@serialport/parser-readline/-/parser-readline-10.0.1.tgz",
      "integrity": "sha512-jdKPNka/Nn17k89T5UIyis39EaZHQCmq+83s0icBt2iPBlX8+BrJAUBe8myFpuT22qskTVNzFoTMPOp8pjK/yw==",
      "dependencies": {
        "@serialport/parser-delimiter": "10.0.1"
      },
      "engines": {
        "node": ">=12.0.0"
      },
      "funding": {
        "url": "https://opencollective.com/serialport/donate"
      }
    },
    "node_modules/@serialport/parser-ready": {
      "version": "10.0.1",
      "resolved": "https://registry.npmjs.org/@serialport/parser-ready/-/parser-ready-10.0.1.tgz",
      "integrity": "sha512-4hVDrKNJBd0wcCfa1qQAk+MM6mVWc9oIbUPEKJkWdBrrWOqYacx2UpvQWd+3YGJ04hFqEv1feOSaH3/1hUifEg==",
      "engines": {
        "node": ">=12.0.0"
      },
      "funding": {
        "url": "https://opencollective.com/serialport/donate"
      }
    },
    "node_modules/@serialport/parser-regex": {
      "version": "10.0.1",
      "resolved": "https://registry.npmjs.org/@serialport/parser-regex/-/parser-regex-10.0.1.tgz",
      "integrity": "sha512-l8ECuUsan33x5pirQZodlmw0q70Jcxy+oHnXJaqchBTRCbtXlE7+PMFJnmNoIHGqDwt0XALbwpvKcnNBrgvT1g==",
      "engines": {
        "node": ">=12.0.0"
      },
      "funding": {
        "url": "https://opencollective.com/serialport/donate"
      }
    },
    "node_modules/@serialport/stream": {
      "version": "10.1.0",
      "resolved": "https://registry.npmjs.org/@serialport/stream/-/stream-10.1.0.tgz",
      "integrity": "sha512-0whwMF9ZYvB4Adjf0dDxUh6rLTuuqNzMkNbuC9EbKNaduUTBzssdbzQVHqa+srGUbmJgy/NKCukqWrUSyNcCPA==",
      "dependencies": {
        "debug": "^4.3.2"
      },
      "engines": {
        "node": ">=12.0.0"
      },
      "funding": {
        "url": "https://opencollective.com/serialport/donate"
      }
    },
    "node_modules/debug": {
      "version": "4.3.3",
      "resolved": "https://registry.npmjs.org/debug/-/debug-4.3.3.tgz",
      "integrity": "sha512-/zxw5+vh1Tfv+4Qn7a5nsbcJKPaSvCDhojn6FEl9vupwK2VCSDtEiEtqr8DFtzYFOdz63LBkxec7DYuc2jon6Q==",
      "dependencies": {
        "ms": "2.1.2"
      },
      "engines": {
        "node": ">=6.0"
      },
      "peerDependenciesMeta": {
        "supports-color": {
          "optional": true
        }
      }
    },
    "node_modules/ms": {
      "version": "2.1.2",
      "resolved": "https://registry.npmjs.org/ms/-/ms-2.1.2.tgz",
      "integrity": "sha512-sGkPx+VjMtmA6MX27oA4FBFELFCZZ4S4XqeGOXCv68tT+jb3vk/RyaKWP0PTKyWtmLSM0b+adUTEvbs1PEaH2w=="
    },
    "node_modules/node-addon-api": {
      "version": "4.3.0",
      "resolved": "https://registry.npmjs.org/node-addon-api/-/node-addon-api-4.3.0.tgz",
      "integrity": "sha512-73sE9+3UaLYYFmDsFZnqCInzPyh3MqIwZO9cw58yIqAZhONrrabrYyYe3TuIqtIiOuTXVhsGau8hcrhhwSsDIQ=="
    },
    "node_modules/node-gyp-build": {
      "version": "4.3.0",
      "resolved": "https://registry.npmjs.org/node-gyp-build/-/node-gyp-build-4.3.0.tgz",
      "integrity": "sha512-iWjXZvmboq0ja1pUGULQBexmxq8CV4xBhX7VDOTbL7ZR4FOowwY/VOtRxBN/yKxmdGoIp4j5ysNT4u3S2pDQ3Q==",
      "bin": {
        "node-gyp-build": "bin.js",
        "node-gyp-build-optional": "optional.js",
        "node-gyp-build-test": "build-test.js"
      }
    },
    "node_modules/promirepl": {
      "version": "2.0.1",
      "resolved": "https://registry.npmjs.org/promirepl/-/promirepl-2.0.1.tgz",
      "integrity": "sha512-CUYuyU858eJ4OuQLKhJTE1Mijb1zxuAOnmVSYysau1k58zxT9qf0bJb/3QYrYadzmyuLn4EB82Oki+uHmWqC0w==",
      "bin": {
        "prominode": "bin/prominode.js"
      },
      "engines": {
        "node": "^8"
      }
    },
    "node_modules/serialport": {
      "version": "10.1.0",
      "resolved": "https://registry.npmjs.org/serialport/-/serialport-10.1.0.tgz",
      "integrity": "sha512-qRTpa85UdRdYKeuUrmo1bK26jAbxpUi9/WfBVlWQBgn58pAKEf2FyAsnn+uYCEszJbycr+jOqSxHM2wRLHRilQ==",
      "dependencies": {
        "@serialport/binding-mock": "10.1.0",
        "@serialport/bindings-cpp": "10.4.0",
        "@serialport/parser-byte-length": "10.0.1",
        "@serialport/parser-cctalk": "10.0.1",
        "@serialport/parser-delimiter": "10.0.1",
        "@serialport/parser-inter-byte-timeout": "10.0.1",
        "@serialport/parser-readline": "10.0.1",
        "@serialport/parser-ready": "10.0.1",
        "@serialport/parser-regex": "10.0.1",
        "@serialport/stream": "10.1.0",
        "debug": "^4.3.2"
      },
      "engines": {
        "node": ">=12.0.0"
      },
      "funding": {
        "url": "https://opencollective.com/serialport/donate"
      }
    },
    "node_modules/typescript": {
      "version": "4.5.5",
      "resolved": "https://registry.npmjs.org/typescript/-/typescript-4.5.5.tgz",
      "integrity": "sha512-TCTIul70LyWe6IJWT8QSYeA54WQe8EjQFU4wY52Fasj5UKx88LNYKCgBEHcOMOrFF1rKGbD8v/xcNWVUq9SymA==",
      "dev": true,
      "bin": {
        "tsc": "bin/tsc",
        "tsserver": "bin/tsserver"
      },
      "engines": {
        "node": ">=4.2.0"
      }
    }
  },
  "dependencies": {
    "@serialport/binding-abstract": {
      "version": "10.1.0",
      "resolved": "https://registry.npmjs.org/@serialport/binding-abstract/-/binding-abstract-10.1.0.tgz",
      "integrity": "sha512-P2KUIa6LTX0GKRzgwcEqO7kIG7yI66GuxV1hBv/Lq1rE+fxGj0SXzX2YlRm1vCubFU/102wK0TT2i+oPf2bALQ==",
      "requires": {
        "debug": "^4.3.2"
      }
    },
    "@serialport/binding-mock": {
      "version": "10.1.0",
      "resolved": "https://registry.npmjs.org/@serialport/binding-mock/-/binding-mock-10.1.0.tgz",
      "integrity": "sha512-NPj1fGDkUJbSElBnU0mVi2Hw45cXh4Za6gfU3C854JmhdvpGzehiDjOYm8iJB3bCQZMs3wzaYLdE8o8/wAUSEw==",
      "requires": {
        "@serialport/binding-abstract": "10.1.0",
        "debug": "^4.3.2"
      }
    },
    "@serialport/bindings-cpp": {
      "version": "10.4.0",
      "resolved": "https://registry.npmjs.org/@serialport/bindings-cpp/-/bindings-cpp-10.4.0.tgz",
      "integrity": "sha512-vV5fadfzovV2iZ9xWjlQOdjEL0U0y5ewjdplx1DG5ox+/Q2Mmi8WEbcoKww6AgouU5qLirQGfYDmcWPlcGMdMw==",
      "requires": {
        "@serialport/binding-abstract": "10.0.1",
        "@serialport/parser-readline": "10.0.1",
        "debug": "^4.3.2",
        "node-addon-api": "^4.3.0",
        "node-gyp-build": "^4.3.0"
      },
      "dependencies": {
        "@serialport/binding-abstract": {
          "version": "10.0.1",
          "resolved": "https://registry.npmjs.org/@serialport/binding-abstract/-/binding-abstract-10.0.1.tgz",
          "integrity": "sha512-FWD/uNrz8V3kaTILQTK05Z1LB/LZin8XZelmX/wd1NNlRFAj6V64MIESWhwUy3iPnL1QriFR1k7URHHx3RRgfg==",
          "requires": {
            "debug": "^4.3.2"
          }
        }
      }
    },
    "@serialport/parser-byte-length": {
      "version": "10.0.1",
      "resolved": "https://registry.npmjs.org/@serialport/parser-byte-length/-/parser-byte-length-10.0.1.tgz",
      "integrity": "sha512-uOQa0KEGT7IIGSWCN53NE5ZYaWoeeGLDCSX+ssDadyQxy47hMHuP/JotdWqHg7lDwxUHe0tDl4SOEeEnDx1l6A=="
    },
    "@serialport/parser-cctalk": {
      "version": "10.0.1",
      "resolved": "https://registry.npmjs.org/@serialport/parser-cctalk/-/parser-cctalk-10.0.1.tgz",
      "integrity": "sha512-boVr8akjX/7iCtMHeFT16ek4m0/oV9YA6A2mstVCpKle2op42qByx3jY5RzQ52c13oQvq1E6tG0lWJrzdTK+Yw=="
    },
    "@serialport/parser-delimiter": {
      "version": "10.0.1",
      "resolved": "https://registry.npmjs.org/@serialport/parser-delimiter/-/parser-delimiter-10.0.1.tgz",
      "integrity": "sha512-B0c6dm9UCpRU/LhkvRFL3OSbs69VqWU7mjW7tM109JDNS+vw8uJPumXz8Giub6D0xl90J7euH6tBTqERk7048Q=="
    },
    "@serialport/parser-inter-byte-timeout": {
      "version": "10.0.1",
      "resolved": "https://registry.npmjs.org/@serialport/parser-inter-byte-timeout/-/parser-inter-byte-timeout-10.0.1.tgz",
      "integrity": "sha512-awX0bekMZkjb+kjBHsnizAXNfc/grxIqEKdy9Etc6KhgSmratRnjGa7J0rPFP4bTzYWp5sOqlI0ALwBnWCXedA=="
    },
    "@serialport/parser-readline": {
      "version": "10.0.1",
      "resolved": "https://registry.npmjs.org/@serialport/parser-readline/-/parser-readline-10.0.1.tgz",
      "integrity": "sha512-jdKPNka/Nn17k89T5UIyis39EaZHQCmq+83s0icBt2iPBlX8+BrJAUBe8myFpuT22qskTVNzFoTMPOp8pjK/yw==",
      "requires": {
        "@serialport/parser-delimiter": "10.0.1"
      }
    },
    "@serialport/parser-ready": {
      "version": "10.0.1",
      "resolved": "https://registry.npmjs.org/@serialport/parser-ready/-/parser-ready-10.0.1.tgz",
      "integrity": "sha512-4hVDrKNJBd0wcCfa1qQAk+MM6mVWc9oIbUPEKJkWdBrrWOqYacx2UpvQWd+3YGJ04hFqEv1feOSaH3/1hUifEg=="
    },
    "@serialport/parser-regex": {
      "version": "10.0.1",
      "resolved": "https://registry.npmjs.org/@serialport/parser-regex/-/parser-regex-10.0.1.tgz",
      "integrity": "sha512-l8ECuUsan33x5pirQZodlmw0q70Jcxy+oHnXJaqchBTRCbtXlE7+PMFJnmNoIHGqDwt0XALbwpvKcnNBrgvT1g=="
    },
    "@serialport/stream": {
      "version": "10.1.0",
      "resolved": "https://registry.npmjs.org/@serialport/stream/-/stream-10.1.0.tgz",
      "integrity": "sha512-0whwMF9ZYvB4Adjf0dDxUh6rLTuuqNzMkNbuC9EbKNaduUTBzssdbzQVHqa+srGUbmJgy/NKCukqWrUSyNcCPA==",
      "requires": {
        "debug": "^4.3.2"
      }
    },
    "debug": {
      "version": "4.3.3",
      "resolved": "https://registry.npmjs.org/debug/-/debug-4.3.3.tgz",
      "integrity": "sha512-/zxw5+vh1Tfv+4Qn7a5nsbcJKPaSvCDhojn6FEl9vupwK2VCSDtEiEtqr8DFtzYFOdz63LBkxec7DYuc2jon6Q==",
      "requires": {
        "ms": "2.1.2"
      }
    },
    "ms": {
      "version": "2.1.2",
      "resolved": "https://registry.npmjs.org/ms/-/ms-2.1.2.tgz",
      "integrity": "sha512-sGkPx+VjMtmA6MX27oA4FBFELFCZZ4S4XqeGOXCv68tT+jb3vk/RyaKWP0PTKyWtmLSM0b+adUTEvbs1PEaH2w=="
    },
    "node-addon-api": {
      "version": "4.3.0",
      "resolved": "https://registry.npmjs.org/node-addon-api/-/node-addon-api-4.3.0.tgz",
      "integrity": "sha512-73sE9+3UaLYYFmDsFZnqCInzPyh3MqIwZO9cw58yIqAZhONrrabrYyYe3TuIqtIiOuTXVhsGau8hcrhhwSsDIQ=="
    },
    "node-gyp-build": {
      "version": "4.3.0",
      "resolved": "https://registry.npmjs.org/node-gyp-build/-/node-gyp-build-4.3.0.tgz",
      "integrity": "sha512-iWjXZvmboq0ja1pUGULQBexmxq8CV4xBhX7VDOTbL7ZR4FOowwY/VOtRxBN/yKxmdGoIp4j5ysNT4u3S2pDQ3Q=="
    },
    "promirepl": {
      "version": "2.0.1",
      "resolved": "https://registry.npmjs.org/promirepl/-/promirepl-2.0.1.tgz",
      "integrity": "sha512-CUYuyU858eJ4OuQLKhJTE1Mijb1zxuAOnmVSYysau1k58zxT9qf0bJb/3QYrYadzmyuLn4EB82Oki+uHmWqC0w=="
    },
    "serialport": {
      "version": "10.1.0",
      "resolved": "https://registry.npmjs.org/serialport/-/serialport-10.1.0.tgz",
      "integrity": "sha512-qRTpa85UdRdYKeuUrmo1bK26jAbxpUi9/WfBVlWQBgn58pAKEf2FyAsnn+uYCEszJbycr+jOqSxHM2wRLHRilQ==",
      "requires": {
        "@serialport/binding-mock": "10.1.0",
        "@serialport/bindings-cpp": "10.4.0",
        "@serialport/parser-byte-length": "10.0.1",
        "@serialport/parser-cctalk": "10.0.1",
        "@serialport/parser-delimiter": "10.0.1",
        "@serialport/parser-inter-byte-timeout": "10.0.1",
        "@serialport/parser-readline": "10.0.1",
        "@serialport/parser-ready": "10.0.1",
        "@serialport/parser-regex": "10.0.1",
        "@serialport/stream": "10.1.0",
        "debug": "^4.3.2"
      }
    },
    "typescript": {
      "version": "4.5.5",
      "resolved": "https://registry.npmjs.org/typescript/-/typescript-4.5.5.tgz",
      "integrity": "sha512-TCTIul70LyWe6IJWT8QSYeA54WQe8EjQFU4wY52Fasj5UKx88LNYKCgBEHcOMOrFF1rKGbD8v/xcNWVUq9SymA==",
      "dev": true
    }
  }
}
