{
	"name": "@serialport/repl",
	"version": "10.2.1",
	"lockfileVersion": 2,
	"requires": true,
	"packages": {
		"": {
			"name": "@serialport/repl",
			"version": "10.2.1",
			"license": "MIT",
			"dependencies": {
				"promirepl": "^2.0.1"
			},
			"bin": {
				"serialport-repl": "dist/index.js"
			},
			"devDependencies": {
				"typescript": "^4.5.5"
			},
			"engines": {
				"node": ">=12.0.0"
			},
			"funding": {
				"url": "https://opencollective.com/serialport/donate"
			}
		},
		"node_modules/promirepl": {
			"version": "2.0.1",
			"resolved": "https://registry.npmjs.org/promirepl/-/promirepl-2.0.1.tgz",
			"integrity": "sha512-CUYuyU858eJ4OuQLKhJTE1Mijb1zxuAOnmVSYysau1k58zxT9qf0bJb/3QYrYadzmyuLn4EB82Oki+uHmWqC0w==",
			"bin": {
				"prominode": "bin/prominode.js"
			},
			"engines": {
				"node": "^8"
			}
		},
		"node_modules/typescript": {
			"version": "4.5.5",
			"resolved": "https://registry.npmjs.org/typescript/-/typescript-4.5.5.tgz",
			"integrity": "sha512-TCTIul70LyWe6IJWT8QSYeA54WQe8EjQFU4wY52Fasj5UKx88LNYKCgBEHcOMOrFF1rKGbD8v/xcNWVUq9SymA==",
			"dev": true,
			"bin": {
				"tsc": "bin/tsc",
				"tsserver": "bin/tsserver"
			},
			"engines": {
				"node": ">=4.2.0"
			}
		}
	},
	"dependencies": {
		"promirepl": {
			"version": "2.0.1",
			"resolved": "https://registry.npmjs.org/promirepl/-/promirepl-2.0.1.tgz",
			"integrity": "sha512-CUYuyU858eJ4OuQLKhJTE1Mijb1zxuAOnmVSYysau1k58zxT9qf0bJb/3QYrYadzmyuLn4EB82Oki+uHmWqC0w=="
		},
		"typescript": {
			"version": "4.5.5",
			"resolved": "https://registry.npmjs.org/typescript/-/typescript-4.5.5.tgz",
			"integrity": "sha512-TCTIul70LyWe6IJWT8QSYeA54WQe8EjQFU4wY52Fasj5UKx88LNYKCgBEHcOMOrFF1rKGbD8v/xcNWVUq9SymA==",
			"dev": true
		}
	}
}
