{
	"name": "@serialport/list",
	"version": "9.2.0",
	"lockfileVersion": 2,
	"requires": true,
	"packages": {
		"": {
			"name": "@serialport/list",
			"version": "9.2.0",
			"license": "MIT",
			"dependencies": {
				"commander": "^7.1.0",
				"node-addon-api": "4.0.0"
			},
			"bin": {
				"serialport-list": "lib/index.js"
			},
			"engines": {
				"node": ">=10.0.0"
			},
			"funding": {
				"url": "https://opencollective.com/serialport/donate"
			}
		},
		"node_modules/commander": {
			"version": "7.1.0",
			"resolved": "https://registry.npmjs.org/commander/-/commander-7.1.0.tgz",
			"integrity": "sha512-pRxBna3MJe6HKnBGsDyMv8ETbptw3axEdYHoqNh7gu5oDcew8fs0xnivZGm06Ogk8zGAJ9VX+OPEr2GXEQK4dg==",
			"engines": {
				"node": ">= 10"
			}
		},
		"node_modules/node-addon-api": {
			"version": "4.0.0",
			"resolved": "https://registry.npmjs.org/node-addon-api/-/node-addon-api-4.0.0.tgz",
			"integrity": "sha512-ALmRVBFzfwldBfk3SbKfl6+PVMXiCPKZBEfsJqB/EjXAMAI+MfFrEHR+GMRBuI162DihZ1QjEZ8ieYKuRCJ8Hg=="
		}
	},
	"dependencies": {
		"commander": {
			"version": "7.1.0",
			"resolved": "https://registry.npmjs.org/commander/-/commander-7.1.0.tgz",
			"integrity": "sha512-pRxBna3MJe6HKnBGsDyMv8ETbptw3axEdYHoqNh7gu5oDcew8fs0xnivZGm06Ogk8zGAJ9VX+OPEr2GXEQK4dg=="
		},
		"node-addon-api": {
			"version": "4.0.0",
			"resolved": "https://registry.npmjs.org/node-addon-api/-/node-addon-api-4.0.0.tgz",
			"integrity": "sha512-ALmRVBFzfwldBfk3SbKfl6+PVMXiCPKZBEfsJqB/EjXAMAI+MfFrEHR+GMRBuI162DihZ1QjEZ8ieYKuRCJ8Hg=="
		}
	}
}
