{
  "name": "@serialport/list",
  "version": "11.0.0",
  "lockfileVersion": 2,
  "requires": true,
  "packages": {
    "": {
      "name": "@serialport/list",
      "version": "11.0.0",
      "license": "MIT",
      "dependencies": {
        "@serialport/bindings-cpp": "11.0.1",
        "commander": "10.0.1"
      },
      "bin": {
        "serialport-list": "dist/index.js"
      },
      "devDependencies": {
        "typescript": "5.1.5"
      },
      "engines": {
        "node": ">=16.0.0"
      },
      "funding": {
        "url": "https://opencollective.com/serialport/donate"
      }
    },
    "node_modules/@serialport/bindings-cpp": {
      "version": "11.0.1",
      "resolved": "https://registry.npmjs.org/@serialport/bindings-cpp/-/bindings-cpp-11.0.1.tgz",
      "integrity": "sha512-3I1mniVg3osYuIUXxU0jB5AHPsxWmErmc3JC3WfUSlfXsjWMHkHfFzbW9Scuv/z/6DLCJIDyltabRa2FoW2qsQ==",
      "hasInstallScript": true,
      "dependencies": {
        "@serialport/bindings-interface": "1.2.2",
        "@serialport/parser-readline": "10.5.0",
        "debug": "4.3.4",
        "node-addon-api": "6.1.0",
        "node-gyp-build": "4.6.0"
      },
      "engines": {
        "node": ">=14.0.0"
      },
      "funding": {
        "url": "https://opencollective.com/serialport/donate"
      }
    },
    "node_modules/@serialport/bindings-interface": {
      "version": "1.2.2",
      "resolved": "https://registry.npmjs.org/@serialport/bindings-interface/-/bindings-interface-1.2.2.tgz",
      "integrity": "sha512-CJaUd5bLvtM9c5dmO9rPBHPXTa9R2UwpkJ0wdh9JCYcbrPWsKz+ErvR0hBLeo7NPeiFdjFO4sonRljiw4d2XiA==",
      "engines": {
        "node": "^12.22 || ^14.13 || >=16"
      }
    },
    "node_modules/@serialport/parser-delimiter": {
      "version": "10.5.0",
      "resolved": "https://registry.npmjs.org/@serialport/parser-delimiter/-/parser-delimiter-10.5.0.tgz",
      "integrity": "sha512-/uR/yT3jmrcwnl2FJU/2ySvwgo5+XpksDUR4NF/nwTS5i3CcuKS+FKi/tLzy1k8F+rCx5JzpiK+koqPqOUWArA==",
      "engines": {
        "node": ">=12.0.0"
      },
      "funding": {
        "url": "https://opencollective.com/serialport/donate"
      }
    },
    "node_modules/@serialport/parser-readline": {
      "version": "10.5.0",
      "resolved": "https://registry.npmjs.org/@serialport/parser-readline/-/parser-readline-10.5.0.tgz",
      "integrity": "sha512-0aXJknodcl94W9zSjvU+sLdXiyEG2rqjQmvBWZCr8wJZjWEtv3RgrnYiWq4i2OTOyC8C/oPK8ZjpBjQptRsoJQ==",
      "dependencies": {
        "@serialport/parser-delimiter": "10.5.0"
      },
      "engines": {
        "node": ">=12.0.0"
      },
      "funding": {
        "url": "https://opencollective.com/serialport/donate"
      }
    },
    "node_modules/commander": {
      "version": "10.0.1",
      "resolved": "https://registry.npmjs.org/commander/-/commander-10.0.1.tgz",
      "integrity": "sha512-y4Mg2tXshplEbSGzx7amzPwKKOCGuoSRP/CjEdwwk0FOGlUbq6lKuoyDZTNZkmxHdJtp54hdfY/JUrdL7Xfdug==",
      "engines": {
        "node": ">=14"
      }
    },
    "node_modules/debug": {
      "version": "4.3.4",
      "resolved": "https://registry.npmjs.org/debug/-/debug-4.3.4.tgz",
      "integrity": "sha512-PRWFHuSU3eDtQJPvnNY7Jcket1j0t5OuOsFzPPzsekD52Zl8qUfFIPEiswXqIvHWGVHOgX+7G/vCNNhehwxfkQ==",
      "dependencies": {
        "ms": "2.1.2"
      },
      "engines": {
        "node": ">=6.0"
      },
      "peerDependenciesMeta": {
        "supports-color": {
          "optional": true
        }
      }
    },
    "node_modules/ms": {
      "version": "2.1.2",
      "resolved": "https://registry.npmjs.org/ms/-/ms-2.1.2.tgz",
      "integrity": "sha512-sGkPx+VjMtmA6MX27oA4FBFELFCZZ4S4XqeGOXCv68tT+jb3vk/RyaKWP0PTKyWtmLSM0b+adUTEvbs1PEaH2w=="
    },
    "node_modules/node-addon-api": {
      "version": "6.1.0",
      "resolved": "https://registry.npmjs.org/node-addon-api/-/node-addon-api-6.1.0.tgz",
      "integrity": "sha512-+eawOlIgy680F0kBzPUNFhMZGtJ1YmqM6l4+Crf4IkImjYrO/mqPwRMh352g23uIaQKFItcQ64I7KMaJxHgAVA=="
    },
    "node_modules/node-gyp-build": {
      "version": "4.6.0",
      "resolved": "https://registry.npmjs.org/node-gyp-build/-/node-gyp-build-4.6.0.tgz",
      "integrity": "sha512-NTZVKn9IylLwUzaKjkas1e4u2DLNcV4rdYagA4PWdPwW87Bi7z+BznyKSRwS/761tV/lzCGXplWsiaMjLqP2zQ==",
      "bin": {
        "node-gyp-build": "bin.js",
        "node-gyp-build-optional": "optional.js",
        "node-gyp-build-test": "build-test.js"
      }
    },
    "node_modules/typescript": {
      "version": "5.1.5",
      "resolved": "https://registry.npmjs.org/typescript/-/typescript-5.1.5.tgz",
      "integrity": "sha512-FOH+WN/DQjUvN6WgW+c4Ml3yi0PH+a/8q+kNIfRehv1wLhWONedw85iu+vQ39Wp49IzTJEsZ2lyLXpBF7mkF1g==",
      "dev": true,
      "bin": {
        "tsc": "bin/tsc",
        "tsserver": "bin/tsserver"
      },
      "engines": {
        "node": ">=14.17"
      }
    }
  },
  "dependencies": {
    "@serialport/bindings-cpp": {
      "version": "11.0.1",
      "resolved": "https://registry.npmjs.org/@serialport/bindings-cpp/-/bindings-cpp-11.0.1.tgz",
      "integrity": "sha512-3I1mniVg3osYuIUXxU0jB5AHPsxWmErmc3JC3WfUSlfXsjWMHkHfFzbW9Scuv/z/6DLCJIDyltabRa2FoW2qsQ==",
      "requires": {
        "@serialport/bindings-interface": "1.2.2",
        "@serialport/parser-readline": "10.5.0",
        "debug": "4.3.4",
        "node-addon-api": "6.1.0",
        "node-gyp-build": "4.6.0"
      }
    },
    "@serialport/bindings-interface": {
      "version": "1.2.2",
      "resolved": "https://registry.npmjs.org/@serialport/bindings-interface/-/bindings-interface-1.2.2.tgz",
      "integrity": "sha512-CJaUd5bLvtM9c5dmO9rPBHPXTa9R2UwpkJ0wdh9JCYcbrPWsKz+ErvR0hBLeo7NPeiFdjFO4sonRljiw4d2XiA=="
    },
    "@serialport/parser-delimiter": {
      "version": "10.5.0",
      "resolved": "https://registry.npmjs.org/@serialport/parser-delimiter/-/parser-delimiter-10.5.0.tgz",
      "integrity": "sha512-/uR/yT3jmrcwnl2FJU/2ySvwgo5+XpksDUR4NF/nwTS5i3CcuKS+FKi/tLzy1k8F+rCx5JzpiK+koqPqOUWArA=="
    },
    "@serialport/parser-readline": {
      "version": "10.5.0",
      "resolved": "https://registry.npmjs.org/@serialport/parser-readline/-/parser-readline-10.5.0.tgz",
      "integrity": "sha512-0aXJknodcl94W9zSjvU+sLdXiyEG2rqjQmvBWZCr8wJZjWEtv3RgrnYiWq4i2OTOyC8C/oPK8ZjpBjQptRsoJQ==",
      "requires": {
        "@serialport/parser-delimiter": "10.5.0"
      }
    },
    "commander": {
      "version": "10.0.1",
      "resolved": "https://registry.npmjs.org/commander/-/commander-10.0.1.tgz",
      "integrity": "sha512-y4Mg2tXshplEbSGzx7amzPwKKOCGuoSRP/CjEdwwk0FOGlUbq6lKuoyDZTNZkmxHdJtp54hdfY/JUrdL7Xfdug=="
    },
    "debug": {
      "version": "4.3.4",
      "resolved": "https://registry.npmjs.org/debug/-/debug-4.3.4.tgz",
      "integrity": "sha512-PRWFHuSU3eDtQJPvnNY7Jcket1j0t5OuOsFzPPzsekD52Zl8qUfFIPEiswXqIvHWGVHOgX+7G/vCNNhehwxfkQ==",
      "requires": {
        "ms": "2.1.2"
      }
    },
    "ms": {
      "version": "2.1.2",
      "resolved": "https://registry.npmjs.org/ms/-/ms-2.1.2.tgz",
      "integrity": "sha512-sGkPx+VjMtmA6MX27oA4FBFELFCZZ4S4XqeGOXCv68tT+jb3vk/RyaKWP0PTKyWtmLSM0b+adUTEvbs1PEaH2w=="
    },
    "node-addon-api": {
      "version": "6.1.0",
      "resolved": "https://registry.npmjs.org/node-addon-api/-/node-addon-api-6.1.0.tgz",
      "integrity": "sha512-+eawOlIgy680F0kBzPUNFhMZGtJ1YmqM6l4+Crf4IkImjYrO/mqPwRMh352g23uIaQKFItcQ64I7KMaJxHgAVA=="
    },
    "node-gyp-build": {
      "version": "4.6.0",
      "resolved": "https://registry.npmjs.org/node-gyp-build/-/node-gyp-build-4.6.0.tgz",
      "integrity": "sha512-NTZVKn9IylLwUzaKjkas1e4u2DLNcV4rdYagA4PWdPwW87Bi7z+BznyKSRwS/761tV/lzCGXplWsiaMjLqP2zQ=="
    },
    "typescript": {
      "version": "5.1.5",
      "resolved": "https://registry.npmjs.org/typescript/-/typescript-5.1.5.tgz",
      "integrity": "sha512-FOH+WN/DQjUvN6WgW+c4Ml3yi0PH+a/8q+kNIfRehv1wLhWONedw85iu+vQ39Wp49IzTJEsZ2lyLXpBF7mkF1g==",
      "dev": true
    }
  }
}
